// !$*UTF8*$!
{
	archiveVersion = 1;
	classes = {
	};
	objectVersion = 46;
	objects = {

/* Begin PBXBuildFile section */
		0794421E4A34D7CA903D2E09 /* Pods_magiGlobe.framework in Frameworks */ = {isa = PBXBuildFile; fileRef = FA75E01C40EB73AEB5CA0785 /* Pods_magiGlobe.framework */; };
		350C67C51ECAAFB40010B8A8 /* AVAsset+Man.swift in Sources */ = {isa = PBXBuildFile; fileRef = 350C67661ECAAFB40010B8A8 /* AVAsset+Man.swift */; };
		350C67C61ECAAFB40010B8A8 /* AVPlayer+Man.swift in Sources */ = {isa = PBXBuildFile; fileRef = 350C67681ECAAFB40010B8A8 /* AVPlayer+Man.swift */; };
		350C67C71ECAAFB40010B8A8 /* AVPlayerItem+Man.swift in Sources */ = {isa = PBXBuildFile; fileRef = 350C676A1ECAAFB40010B8A8 /* AVPlayerItem+Man.swift */; };
		350C67C81ECAAFB40010B8A8 /* CGRect+Man.swift in Sources */ = {isa = PBXBuildFile; fileRef = 350C676D1ECAAFB40010B8A8 /* CGRect+Man.swift */; };
		350C67C91ECAAFB40010B8A8 /* Bundle+AppIcon.swift in Sources */ = {isa = PBXBuildFile; fileRef = 350C67701ECAAFB40010B8A8 /* Bundle+AppIcon.swift */; };
		350C67CA1ECAAFB40010B8A8 /* Bundle+Man.swift in Sources */ = {isa = PBXBuildFile; fileRef = 350C67711ECAAFB40010B8A8 /* Bundle+Man.swift */; };
		350C67CB1ECAAFB40010B8A8 /* Data+Man.swift in Sources */ = {isa = PBXBuildFile; fileRef = 350C67731ECAAFB40010B8A8 /* Data+Man.swift */; };
		350C67CC1ECAAFB40010B8A8 /* Date+Comparable.swift in Sources */ = {isa = PBXBuildFile; fileRef = 350C67751ECAAFB40010B8A8 /* Date+Comparable.swift */; };
		350C67CD1ECAAFB40010B8A8 /* Date+Format.swift in Sources */ = {isa = PBXBuildFile; fileRef = 350C67761ECAAFB40010B8A8 /* Date+Format.swift */; };
		350C67CE1ECAAFB40010B8A8 /* NotificationCenter+Man.swift in Sources */ = {isa = PBXBuildFile; fileRef = 350C67781ECAAFB40010B8A8 /* NotificationCenter+Man.swift */; };
		350C67CF1ECAAFB40010B8A8 /* NSNull+Man.swift in Sources */ = {isa = PBXBuildFile; fileRef = 350C677A1ECAAFB40010B8A8 /* NSNull+Man.swift */; };
		350C67D01ECAAFB40010B8A8 /* NSObject+Man.swift in Sources */ = {isa = PBXBuildFile; fileRef = 350C677C1ECAAFB40010B8A8 /* NSObject+Man.swift */; };
		350C67D11ECAAFB40010B8A8 /* String+Format.swift in Sources */ = {isa = PBXBuildFile; fileRef = 350C677E1ECAAFB40010B8A8 /* String+Format.swift */; };
		350C67D21ECAAFB40010B8A8 /* String+JSON.swift in Sources */ = {isa = PBXBuildFile; fileRef = 350C677F1ECAAFB40010B8A8 /* String+JSON.swift */; };
		350C67D31ECAAFB40010B8A8 /* String+Man.swift in Sources */ = {isa = PBXBuildFile; fileRef = 350C67801ECAAFB40010B8A8 /* String+Man.swift */; };
		350C67D41ECAAFB40010B8A8 /* String+URL.swift in Sources */ = {isa = PBXBuildFile; fileRef = 350C67811ECAAFB40010B8A8 /* String+URL.swift */; };
		350C67D51ECAAFB40010B8A8 /* Timer+Addition.swift in Sources */ = {isa = PBXBuildFile; fileRef = 350C67831ECAAFB40010B8A8 /* Timer+Addition.swift */; };
		350C67D61ECAAFB40010B8A8 /* Timer+Block.swift in Sources */ = {isa = PBXBuildFile; fileRef = 350C67841ECAAFB40010B8A8 /* Timer+Block.swift */; };
		350C67D71ECAAFB40010B8A8 /* URL+Man.swift in Sources */ = {isa = PBXBuildFile; fileRef = 350C67861ECAAFB40010B8A8 /* URL+Man.swift */; };
		350C67D81ECAAFB40010B8A8 /* URLSession+Man.swift in Sources */ = {isa = PBXBuildFile; fileRef = 350C67881ECAAFB40010B8A8 /* URLSession+Man.swift */; };
		350C67D91ECAAFB40010B8A8 /* URLSession+SynchronousTask.swift in Sources */ = {isa = PBXBuildFile; fileRef = 350C67891ECAAFB40010B8A8 /* URLSession+SynchronousTask.swift */; };
		350C67DA1ECAAFB40010B8A8 /* Array+Man.swift in Sources */ = {isa = PBXBuildFile; fileRef = 350C678B1ECAAFB40010B8A8 /* Array+Man.swift */; };
		350C67DB1ECAAFB40010B8A8 /* Bool+Man.swift in Sources */ = {isa = PBXBuildFile; fileRef = 350C678C1ECAAFB40010B8A8 /* Bool+Man.swift */; };
		350C67DC1ECAAFB40010B8A8 /* Dictionary+Man.swift in Sources */ = {isa = PBXBuildFile; fileRef = 350C678D1ECAAFB40010B8A8 /* Dictionary+Man.swift */; };
		350C67DD1ECAAFB40010B8A8 /* Int+Man.swift in Sources */ = {isa = PBXBuildFile; fileRef = 350C678E1ECAAFB40010B8A8 /* Int+Man.swift */; };
		350C67DE1ECAAFB40010B8A8 /* UIAlertController+Man.swift in Sources */ = {isa = PBXBuildFile; fileRef = 350C67911ECAAFB40010B8A8 /* UIAlertController+Man.swift */; };
		350C67DF1ECAAFB40010B8A8 /* UIApplication+Man.swift in Sources */ = {isa = PBXBuildFile; fileRef = 350C67931ECAAFB40010B8A8 /* UIApplication+Man.swift */; };
		350C67E01ECAAFB40010B8A8 /* UIBarButtonItem+man.swift in Sources */ = {isa = PBXBuildFile; fileRef = 350C67951ECAAFB40010B8A8 /* UIBarButtonItem+man.swift */; };
		350C67E11ECAAFB40010B8A8 /* UIButton+Man.swift in Sources */ = {isa = PBXBuildFile; fileRef = 350C67971ECAAFB40010B8A8 /* UIButton+Man.swift */; };
		350C67E21ECAAFB40010B8A8 /* UICollectionView+Man.swift in Sources */ = {isa = PBXBuildFile; fileRef = 350C67991ECAAFB40010B8A8 /* UICollectionView+Man.swift */; };
		350C67E31ECAAFB40010B8A8 /* UIColor+Man.swift in Sources */ = {isa = PBXBuildFile; fileRef = 350C679B1ECAAFB40010B8A8 /* UIColor+Man.swift */; };
		350C67E41ECAAFB40010B8A8 /* UIDevice+Man.swift in Sources */ = {isa = PBXBuildFile; fileRef = 350C679D1ECAAFB40010B8A8 /* UIDevice+Man.swift */; };
		350C67E51ECAAFB40010B8A8 /* UIImage+Man.swift in Sources */ = {isa = PBXBuildFile; fileRef = 350C679F1ECAAFB40010B8A8 /* UIImage+Man.swift */; };
		350C67E61ECAAFB40010B8A8 /* UIImageView+Man.swift in Sources */ = {isa = PBXBuildFile; fileRef = 350C67A11ECAAFB40010B8A8 /* UIImageView+Man.swift */; };
		350C67E71ECAAFB40010B8A8 /* UILable+Man.swift in Sources */ = {isa = PBXBuildFile; fileRef = 350C67A31ECAAFB40010B8A8 /* UILable+Man.swift */; };
		350C67E81ECAAFB40010B8A8 /* UINavigationBar+Man.swift in Sources */ = {isa = PBXBuildFile; fileRef = 350C67A51ECAAFB40010B8A8 /* UINavigationBar+Man.swift */; };
		350C67E91ECAAFB40010B8A8 /* UINavigationController+Man.swift in Sources */ = {isa = PBXBuildFile; fileRef = 350C67A71ECAAFB40010B8A8 /* UINavigationController+Man.swift */; };
		350C67EA1ECAAFB40010B8A8 /* UIScreen+Man.swift in Sources */ = {isa = PBXBuildFile; fileRef = 350C67A91ECAAFB40010B8A8 /* UIScreen+Man.swift */; };
		350C67EB1ECAAFB40010B8A8 /* UIScrollView+Man.swift in Sources */ = {isa = PBXBuildFile; fileRef = 350C67AB1ECAAFB40010B8A8 /* UIScrollView+Man.swift */; };
		350C67EC1ECAAFB40010B8A8 /* UISearchBar+Man.swift in Sources */ = {isa = PBXBuildFile; fileRef = 350C67AD1ECAAFB40010B8A8 /* UISearchBar+Man.swift */; };
		350C67ED1ECAAFB40010B8A8 /* UISlider+Man.swift in Sources */ = {isa = PBXBuildFile; fileRef = 350C67AF1ECAAFB40010B8A8 /* UISlider+Man.swift */; };
		350C67EE1ECAAFB40010B8A8 /* UITabBar+Man.swift in Sources */ = {isa = PBXBuildFile; fileRef = 350C67B11ECAAFB40010B8A8 /* UITabBar+Man.swift */; };
		350C67EF1ECAAFB40010B8A8 /* UITableView+Man.swift in Sources */ = {isa = PBXBuildFile; fileRef = 350C67B31ECAAFB40010B8A8 /* UITableView+Man.swift */; };
		350C67F01ECAAFB40010B8A8 /* UITableViewCell+Man.swift in Sources */ = {isa = PBXBuildFile; fileRef = 350C67B51ECAAFB40010B8A8 /* UITableViewCell+Man.swift */; };
		350C67F11ECAAFB40010B8A8 /* UITextField+Man.swift in Sources */ = {isa = PBXBuildFile; fileRef = 350C67B71ECAAFB40010B8A8 /* UITextField+Man.swift */; };
		350C67F21ECAAFB40010B8A8 /* UITextView+Man.swift in Sources */ = {isa = PBXBuildFile; fileRef = 350C67B91ECAAFB40010B8A8 /* UITextView+Man.swift */; };
		350C67F31ECAAFB40010B8A8 /* UIView+Animation.swift in Sources */ = {isa = PBXBuildFile; fileRef = 350C67BB1ECAAFB40010B8A8 /* UIView+Animation.swift */; };
		350C67F41ECAAFB40010B8A8 /* UIView+Find.swift in Sources */ = {isa = PBXBuildFile; fileRef = 350C67BC1ECAAFB40010B8A8 /* UIView+Find.swift */; };
		350C67F51ECAAFB40010B8A8 /* UIView+Man.swift in Sources */ = {isa = PBXBuildFile; fileRef = 350C67BD1ECAAFB40010B8A8 /* UIView+Man.swift */; };
		350C67F61ECAAFB40010B8A8 /* UIView+Rect.swift in Sources */ = {isa = PBXBuildFile; fileRef = 350C67BE1ECAAFB40010B8A8 /* UIView+Rect.swift */; };
		350C67F71ECAAFB40010B8A8 /* UIViewController+Find.swift in Sources */ = {isa = PBXBuildFile; fileRef = 350C67C01ECAAFB40010B8A8 /* UIViewController+Find.swift */; };
		350C67F81ECAAFB40010B8A8 /* UIViewController+Man.swift in Sources */ = {isa = PBXBuildFile; fileRef = 350C67C11ECAAFB40010B8A8 /* UIViewController+Man.swift */; };
		350C67F91ECAAFB40010B8A8 /* UIViewController+NavigationBar.swift in Sources */ = {isa = PBXBuildFile; fileRef = 350C67C21ECAAFB40010B8A8 /* UIViewController+NavigationBar.swift */; };
		350C67FA1ECAAFB40010B8A8 /* UIWindow+Man.swift in Sources */ = {isa = PBXBuildFile; fileRef = 350C67C41ECAAFB40010B8A8 /* UIWindow+Man.swift */; };
		350C67FF1ECAB05E0010B8A8 /* ARAMainTabBar.swift in Sources */ = {isa = PBXBuildFile; fileRef = 350C67FE1ECAB05E0010B8A8 /* ARAMainTabBar.swift */; };
		350C68021ECAB0640010B8A8 /* ARATabBarController.swift in Sources */ = {isa = PBXBuildFile; fileRef = 350C68001ECAB0640010B8A8 /* ARATabBarController.swift */; };
		350C68031ECAB0640010B8A8 /* ARABaseNavigationController.swift in Sources */ = {isa = PBXBuildFile; fileRef = 350C68011ECAB0640010B8A8 /* ARABaseNavigationController.swift */; };
		350C68061ECAC9300010B8A8 /* ARAHomeViewController.swift in Sources */ = {isa = PBXBuildFile; fileRef = 350C68041ECAC9300010B8A8 /* ARAHomeViewController.swift */; };
		350C68071ECAC9300010B8A8 /* ARAAppInfosViewController.swift in Sources */ = {isa = PBXBuildFile; fileRef = 350C68051ECAC9300010B8A8 /* ARAAppInfosViewController.swift */; };
		350C68091ECAC93D0010B8A8 /* ARAMessageViewController.swift in Sources */ = {isa = PBXBuildFile; fileRef = 350C68081ECAC93D0010B8A8 /* ARAMessageViewController.swift */; };
		350C680B1ECAC94C0010B8A8 /* ARAProfileViewController.swift in Sources */ = {isa = PBXBuildFile; fileRef = 350C680A1ECAC94C0010B8A8 /* ARAProfileViewController.swift */; };
		350C680D1ECAC9650010B8A8 /* ARALabel.swift in Sources */ = {isa = PBXBuildFile; fileRef = 350C680C1ECAC9650010B8A8 /* ARALabel.swift */; };
		350C680F1ECAC9F50010B8A8 /* ARADiscoverViewController.swift in Sources */ = {isa = PBXBuildFile; fileRef = 350C680E1ECAC9F50010B8A8 /* ARADiscoverViewController.swift */; };
		350C68111ECACA960010B8A8 /* AppInfos.swift in Sources */ = {isa = PBXBuildFile; fileRef = 350C68101ECACA960010B8A8 /* AppInfos.swift */; };
		3527BDA81EC9DAB300DE9191 /* AppDelegate.swift in Sources */ = {isa = PBXBuildFile; fileRef = 3527BDA71EC9DAB300DE9191 /* AppDelegate.swift */; };
		3527BDB01EC9DAB300DE9191 /* magiGlobe.xcdatamodeld in Sources */ = {isa = PBXBuildFile; fileRef = 3527BDAE1EC9DAB300DE9191 /* magiGlobe.xcdatamodeld */; };
		3527BDB21EC9DAB300DE9191 /* Assets.xcassets in Resources */ = {isa = PBXBuildFile; fileRef = 3527BDB11EC9DAB300DE9191 /* Assets.xcassets */; };
		3527BDB51EC9DAB300DE9191 /* LaunchScreen.storyboard in Resources */ = {isa = PBXBuildFile; fileRef = 3527BDB31EC9DAB300DE9191 /* LaunchScreen.storyboard */; };
		3527BDC01EC9DAB300DE9191 /* magiGlobeTests.swift in Sources */ = {isa = PBXBuildFile; fileRef = 3527BDBF1EC9DAB300DE9191 /* magiGlobeTests.swift */; };
		3527BDCB1EC9DAB300DE9191 /* magiGlobeUITests.swift in Sources */ = {isa = PBXBuildFile; fileRef = 3527BDCA1EC9DAB300DE9191 /* magiGlobeUITests.swift */; };
		35F78A721ECC358200B0DFD8 /* SMMImagePickerController.swift in Sources */ = {isa = PBXBuildFile; fileRef = 35F78A551ECC358200B0DFD8 /* SMMImagePickerController.swift */; };
		35F78A731ECC358200B0DFD8 /* NSBundle+TZImagePicker.m in Sources */ = {isa = PBXBuildFile; fileRef = 35F78A581ECC358200B0DFD8 /* NSBundle+TZImagePicker.m */; };
		35F78A741ECC358200B0DFD8 /* TZAssetCell.m in Sources */ = {isa = PBXBuildFile; fileRef = 35F78A5A1ECC358200B0DFD8 /* TZAssetCell.m */; };
		35F78A751ECC358200B0DFD8 /* TZAssetModel.m in Sources */ = {isa = PBXBuildFile; fileRef = 35F78A5C1ECC358200B0DFD8 /* TZAssetModel.m */; };
		35F78A761ECC358200B0DFD8 /* TZGifPhotoPreviewController.m in Sources */ = {isa = PBXBuildFile; fileRef = 35F78A5E1ECC358200B0DFD8 /* TZGifPhotoPreviewController.m */; };
		35F78A771ECC358200B0DFD8 /* TZImageCropManager.m in Sources */ = {isa = PBXBuildFile; fileRef = 35F78A601ECC358200B0DFD8 /* TZImageCropManager.m */; };
		35F78A781ECC358200B0DFD8 /* TZImageManager.m in Sources */ = {isa = PBXBuildFile; fileRef = 35F78A621ECC358200B0DFD8 /* TZImageManager.m */; };
		35F78A791ECC358200B0DFD8 /* TZImagePickerController.bundle in Resources */ = {isa = PBXBuildFile; fileRef = 35F78A631ECC358200B0DFD8 /* TZImagePickerController.bundle */; };
		35F78A7A1ECC358200B0DFD8 /* TZImagePickerController.m in Sources */ = {isa = PBXBuildFile; fileRef = 35F78A651ECC358200B0DFD8 /* TZImagePickerController.m */; };
		35F78A7B1ECC358200B0DFD8 /* TZPhotoPickerController.m in Sources */ = {isa = PBXBuildFile; fileRef = 35F78A671ECC358200B0DFD8 /* TZPhotoPickerController.m */; };
		35F78A7C1ECC358200B0DFD8 /* TZPhotoPreviewCell.m in Sources */ = {isa = PBXBuildFile; fileRef = 35F78A691ECC358200B0DFD8 /* TZPhotoPreviewCell.m */; };
		35F78A7D1ECC358200B0DFD8 /* TZPhotoPreviewController.m in Sources */ = {isa = PBXBuildFile; fileRef = 35F78A6B1ECC358200B0DFD8 /* TZPhotoPreviewController.m */; };
		35F78A7E1ECC358200B0DFD8 /* TZProgressView.m in Sources */ = {isa = PBXBuildFile; fileRef = 35F78A6D1ECC358200B0DFD8 /* TZProgressView.m */; };
		35F78A7F1ECC358200B0DFD8 /* TZVideoPlayerController.m in Sources */ = {isa = PBXBuildFile; fileRef = 35F78A6F1ECC358200B0DFD8 /* TZVideoPlayerController.m */; };
		35F78A801ECC358200B0DFD8 /* UIView+Layout.m in Sources */ = {isa = PBXBuildFile; fileRef = 35F78A711ECC358200B0DFD8 /* UIView+Layout.m */; };
		E457860AAE5CA26AD3B4F3F7 /* Pods_magiGlobeTests.framework in Frameworks */ = {isa = PBXBuildFile; fileRef = 72E5B8F7F67397A313CAA419 /* Pods_magiGlobeTests.framework */; };
		F9FEE5599F3E8914A69BD628 /* Pods_magiGlobeUITests.framework in Frameworks */ = {isa = PBXBuildFile; fileRef = 6E7A50DA3776017ABEAE01F8 /* Pods_magiGlobeUITests.framework */; };
/* End PBXBuildFile section */

/* Begin PBXContainerItemProxy section */
		3527BDBC1EC9DAB300DE9191 /* PBXContainerItemProxy */ = {
			isa = PBXContainerItemProxy;
			containerPortal = 3527BD9C1EC9DAB300DE9191 /* Project object */;
			proxyType = 1;
			remoteGlobalIDString = 3527BDA31EC9DAB300DE9191;
			remoteInfo = magiGlobe;
		};
		3527BDC71EC9DAB300DE9191 /* PBXContainerItemProxy */ = {
			isa = PBXContainerItemProxy;
			containerPortal = 3527BD9C1EC9DAB300DE9191 /* Project object */;
			proxyType = 1;
			remoteGlobalIDString = 3527BDA31EC9DAB300DE9191;
			remoteInfo = magiGlobe;
		};
/* End PBXContainerItemProxy section */

/* Begin PBXFileReference section */
		350C67661ECAAFB40010B8A8 /* AVAsset+Man.swift */ = {isa = PBXFileReference; fileEncoding = 4; lastKnownFileType = sourcecode.swift; path = "AVAsset+Man.swift"; sourceTree = "<group>"; };
		350C67681ECAAFB40010B8A8 /* AVPlayer+Man.swift */ = {isa = PBXFileReference; fileEncoding = 4; lastKnownFileType = sourcecode.swift; path = "AVPlayer+Man.swift"; sourceTree = "<group>"; };
		350C676A1ECAAFB40010B8A8 /* AVPlayerItem+Man.swift */ = {isa = PBXFileReference; fileEncoding = 4; lastKnownFileType = sourcecode.swift; path = "AVPlayerItem+Man.swift"; sourceTree = "<group>"; };
		350C676D1ECAAFB40010B8A8 /* CGRect+Man.swift */ = {isa = PBXFileReference; fileEncoding = 4; lastKnownFileType = sourcecode.swift; path = "CGRect+Man.swift"; sourceTree = "<group>"; };
		350C67701ECAAFB40010B8A8 /* Bundle+AppIcon.swift */ = {isa = PBXFileReference; fileEncoding = 4; lastKnownFileType = sourcecode.swift; path = "Bundle+AppIcon.swift"; sourceTree = "<group>"; };
		350C67711ECAAFB40010B8A8 /* Bundle+Man.swift */ = {isa = PBXFileReference; fileEncoding = 4; lastKnownFileType = sourcecode.swift; path = "Bundle+Man.swift"; sourceTree = "<group>"; };
		350C67731ECAAFB40010B8A8 /* Data+Man.swift */ = {isa = PBXFileReference; fileEncoding = 4; lastKnownFileType = sourcecode.swift; path = "Data+Man.swift"; sourceTree = "<group>"; };
		350C67751ECAAFB40010B8A8 /* Date+Comparable.swift */ = {isa = PBXFileReference; fileEncoding = 4; lastKnownFileType = sourcecode.swift; path = "Date+Comparable.swift"; sourceTree = "<group>"; };
		350C67761ECAAFB40010B8A8 /* Date+Format.swift */ = {isa = PBXFileReference; fileEncoding = 4; lastKnownFileType = sourcecode.swift; path = "Date+Format.swift"; sourceTree = "<group>"; };
		350C67781ECAAFB40010B8A8 /* NotificationCenter+Man.swift */ = {isa = PBXFileReference; fileEncoding = 4; lastKnownFileType = sourcecode.swift; path = "NotificationCenter+Man.swift"; sourceTree = "<group>"; };
		350C677A1ECAAFB40010B8A8 /* NSNull+Man.swift */ = {isa = PBXFileReference; fileEncoding = 4; lastKnownFileType = sourcecode.swift; path = "NSNull+Man.swift"; sourceTree = "<group>"; };
		350C677C1ECAAFB40010B8A8 /* NSObject+Man.swift */ = {isa = PBXFileReference; fileEncoding = 4; lastKnownFileType = sourcecode.swift; path = "NSObject+Man.swift"; sourceTree = "<group>"; };
		350C677E1ECAAFB40010B8A8 /* String+Format.swift */ = {isa = PBXFileReference; fileEncoding = 4; lastKnownFileType = sourcecode.swift; path = "String+Format.swift"; sourceTree = "<group>"; };
		350C677F1ECAAFB40010B8A8 /* String+JSON.swift */ = {isa = PBXFileReference; fileEncoding = 4; lastKnownFileType = sourcecode.swift; path = "String+JSON.swift"; sourceTree = "<group>"; };
		350C67801ECAAFB40010B8A8 /* String+Man.swift */ = {isa = PBXFileReference; fileEncoding = 4; lastKnownFileType = sourcecode.swift; path = "String+Man.swift"; sourceTree = "<group>"; };
		350C67811ECAAFB40010B8A8 /* String+URL.swift */ = {isa = PBXFileReference; fileEncoding = 4; lastKnownFileType = sourcecode.swift; path = "String+URL.swift"; sourceTree = "<group>"; };
		350C67831ECAAFB40010B8A8 /* Timer+Addition.swift */ = {isa = PBXFileReference; fileEncoding = 4; lastKnownFileType = sourcecode.swift; path = "Timer+Addition.swift"; sourceTree = "<group>"; };
		350C67841ECAAFB40010B8A8 /* Timer+Block.swift */ = {isa = PBXFileReference; fileEncoding = 4; lastKnownFileType = sourcecode.swift; path = "Timer+Block.swift"; sourceTree = "<group>"; };
		350C67861ECAAFB40010B8A8 /* URL+Man.swift */ = {isa = PBXFileReference; fileEncoding = 4; lastKnownFileType = sourcecode.swift; path = "URL+Man.swift"; sourceTree = "<group>"; };
		350C67881ECAAFB40010B8A8 /* URLSession+Man.swift */ = {isa = PBXFileReference; fileEncoding = 4; lastKnownFileType = sourcecode.swift; path = "URLSession+Man.swift"; sourceTree = "<group>"; };
		350C67891ECAAFB40010B8A8 /* URLSession+SynchronousTask.swift */ = {isa = PBXFileReference; fileEncoding = 4; lastKnownFileType = sourcecode.swift; path = "URLSession+SynchronousTask.swift"; sourceTree = "<group>"; };
		350C678B1ECAAFB40010B8A8 /* Array+Man.swift */ = {isa = PBXFileReference; fileEncoding = 4; lastKnownFileType = sourcecode.swift; path = "Array+Man.swift"; sourceTree = "<group>"; };
		350C678C1ECAAFB40010B8A8 /* Bool+Man.swift */ = {isa = PBXFileReference; fileEncoding = 4; lastKnownFileType = sourcecode.swift; path = "Bool+Man.swift"; sourceTree = "<group>"; };
		350C678D1ECAAFB40010B8A8 /* Dictionary+Man.swift */ = {isa = PBXFileReference; fileEncoding = 4; lastKnownFileType = sourcecode.swift; path = "Dictionary+Man.swift"; sourceTree = "<group>"; };
		350C678E1ECAAFB40010B8A8 /* Int+Man.swift */ = {isa = PBXFileReference; fileEncoding = 4; lastKnownFileType = sourcecode.swift; path = "Int+Man.swift"; sourceTree = "<group>"; };
		350C67911ECAAFB40010B8A8 /* UIAlertController+Man.swift */ = {isa = PBXFileReference; fileEncoding = 4; lastKnownFileType = sourcecode.swift; path = "UIAlertController+Man.swift"; sourceTree = "<group>"; };
		350C67931ECAAFB40010B8A8 /* UIApplication+Man.swift */ = {isa = PBXFileReference; fileEncoding = 4; lastKnownFileType = sourcecode.swift; path = "UIApplication+Man.swift"; sourceTree = "<group>"; };
		350C67951ECAAFB40010B8A8 /* UIBarButtonItem+man.swift */ = {isa = PBXFileReference; fileEncoding = 4; lastKnownFileType = sourcecode.swift; path = "UIBarButtonItem+man.swift"; sourceTree = "<group>"; };
		350C67971ECAAFB40010B8A8 /* UIButton+Man.swift */ = {isa = PBXFileReference; fileEncoding = 4; lastKnownFileType = sourcecode.swift; path = "UIButton+Man.swift"; sourceTree = "<group>"; };
		350C67991ECAAFB40010B8A8 /* UICollectionView+Man.swift */ = {isa = PBXFileReference; fileEncoding = 4; lastKnownFileType = sourcecode.swift; path = "UICollectionView+Man.swift"; sourceTree = "<group>"; };
		350C679B1ECAAFB40010B8A8 /* UIColor+Man.swift */ = {isa = PBXFileReference; fileEncoding = 4; lastKnownFileType = sourcecode.swift; path = "UIColor+Man.swift"; sourceTree = "<group>"; };
		350C679D1ECAAFB40010B8A8 /* UIDevice+Man.swift */ = {isa = PBXFileReference; fileEncoding = 4; lastKnownFileType = sourcecode.swift; path = "UIDevice+Man.swift"; sourceTree = "<group>"; };
		350C679F1ECAAFB40010B8A8 /* UIImage+Man.swift */ = {isa = PBXFileReference; fileEncoding = 4; lastKnownFileType = sourcecode.swift; path = "UIImage+Man.swift"; sourceTree = "<group>"; };
		350C67A11ECAAFB40010B8A8 /* UIImageView+Man.swift */ = {isa = PBXFileReference; fileEncoding = 4; lastKnownFileType = sourcecode.swift; path = "UIImageView+Man.swift"; sourceTree = "<group>"; };
		350C67A31ECAAFB40010B8A8 /* UILable+Man.swift */ = {isa = PBXFileReference; fileEncoding = 4; lastKnownFileType = sourcecode.swift; path = "UILable+Man.swift"; sourceTree = "<group>"; };
		350C67A51ECAAFB40010B8A8 /* UINavigationBar+Man.swift */ = {isa = PBXFileReference; fileEncoding = 4; lastKnownFileType = sourcecode.swift; path = "UINavigationBar+Man.swift"; sourceTree = "<group>"; };
		350C67A71ECAAFB40010B8A8 /* UINavigationController+Man.swift */ = {isa = PBXFileReference; fileEncoding = 4; lastKnownFileType = sourcecode.swift; path = "UINavigationController+Man.swift"; sourceTree = "<group>"; };
		350C67A91ECAAFB40010B8A8 /* UIScreen+Man.swift */ = {isa = PBXFileReference; fileEncoding = 4; lastKnownFileType = sourcecode.swift; path = "UIScreen+Man.swift"; sourceTree = "<group>"; };
		350C67AB1ECAAFB40010B8A8 /* UIScrollView+Man.swift */ = {isa = PBXFileReference; fileEncoding = 4; lastKnownFileType = sourcecode.swift; path = "UIScrollView+Man.swift"; sourceTree = "<group>"; };
		350C67AD1ECAAFB40010B8A8 /* UISearchBar+Man.swift */ = {isa = PBXFileReference; fileEncoding = 4; lastKnownFileType = sourcecode.swift; path = "UISearchBar+Man.swift"; sourceTree = "<group>"; };
		350C67AF1ECAAFB40010B8A8 /* UISlider+Man.swift */ = {isa = PBXFileReference; fileEncoding = 4; lastKnownFileType = sourcecode.swift; path = "UISlider+Man.swift"; sourceTree = "<group>"; };
		350C67B11ECAAFB40010B8A8 /* UITabBar+Man.swift */ = {isa = PBXFileReference; fileEncoding = 4; lastKnownFileType = sourcecode.swift; path = "UITabBar+Man.swift"; sourceTree = "<group>"; };
		350C67B31ECAAFB40010B8A8 /* UITableView+Man.swift */ = {isa = PBXFileReference; fileEncoding = 4; lastKnownFileType = sourcecode.swift; path = "UITableView+Man.swift"; sourceTree = "<group>"; };
		350C67B51ECAAFB40010B8A8 /* UITableViewCell+Man.swift */ = {isa = PBXFileReference; fileEncoding = 4; lastKnownFileType = sourcecode.swift; path = "UITableViewCell+Man.swift"; sourceTree = "<group>"; };
		350C67B71ECAAFB40010B8A8 /* UITextField+Man.swift */ = {isa = PBXFileReference; fileEncoding = 4; lastKnownFileType = sourcecode.swift; path = "UITextField+Man.swift"; sourceTree = "<group>"; };
		350C67B91ECAAFB40010B8A8 /* UITextView+Man.swift */ = {isa = PBXFileReference; fileEncoding = 4; lastKnownFileType = sourcecode.swift; path = "UITextView+Man.swift"; sourceTree = "<group>"; };
		350C67BB1ECAAFB40010B8A8 /* UIView+Animation.swift */ = {isa = PBXFileReference; fileEncoding = 4; lastKnownFileType = sourcecode.swift; path = "UIView+Animation.swift"; sourceTree = "<group>"; };
		350C67BC1ECAAFB40010B8A8 /* UIView+Find.swift */ = {isa = PBXFileReference; fileEncoding = 4; lastKnownFileType = sourcecode.swift; path = "UIView+Find.swift"; sourceTree = "<group>"; };
		350C67BD1ECAAFB40010B8A8 /* UIView+Man.swift */ = {isa = PBXFileReference; fileEncoding = 4; lastKnownFileType = sourcecode.swift; path = "UIView+Man.swift"; sourceTree = "<group>"; };
		350C67BE1ECAAFB40010B8A8 /* UIView+Rect.swift */ = {isa = PBXFileReference; fileEncoding = 4; lastKnownFileType = sourcecode.swift; path = "UIView+Rect.swift"; sourceTree = "<group>"; };
		350C67C01ECAAFB40010B8A8 /* UIViewController+Find.swift */ = {isa = PBXFileReference; fileEncoding = 4; lastKnownFileType = sourcecode.swift; path = "UIViewController+Find.swift"; sourceTree = "<group>"; };
		350C67C11ECAAFB40010B8A8 /* UIViewController+Man.swift */ = {isa = PBXFileReference; fileEncoding = 4; lastKnownFileType = sourcecode.swift; path = "UIViewController+Man.swift"; sourceTree = "<group>"; };
		350C67C21ECAAFB40010B8A8 /* UIViewController+NavigationBar.swift */ = {isa = PBXFileReference; fileEncoding = 4; lastKnownFileType = sourcecode.swift; path = "UIViewController+NavigationBar.swift"; sourceTree = "<group>"; };
		350C67C41ECAAFB40010B8A8 /* UIWindow+Man.swift */ = {isa = PBXFileReference; fileEncoding = 4; lastKnownFileType = sourcecode.swift; path = "UIWindow+Man.swift"; sourceTree = "<group>"; };
		350C67FE1ECAB05E0010B8A8 /* ARAMainTabBar.swift */ = {isa = PBXFileReference; fileEncoding = 4; lastKnownFileType = sourcecode.swift; path = ARAMainTabBar.swift; sourceTree = "<group>"; };
		350C68001ECAB0640010B8A8 /* ARATabBarController.swift */ = {isa = PBXFileReference; fileEncoding = 4; lastKnownFileType = sourcecode.swift; path = ARATabBarController.swift; sourceTree = "<group>"; };
		350C68011ECAB0640010B8A8 /* ARABaseNavigationController.swift */ = {isa = PBXFileReference; fileEncoding = 4; lastKnownFileType = sourcecode.swift; path = ARABaseNavigationController.swift; sourceTree = "<group>"; };
		350C68041ECAC9300010B8A8 /* ARAHomeViewController.swift */ = {isa = PBXFileReference; fileEncoding = 4; lastKnownFileType = sourcecode.swift; path = ARAHomeViewController.swift; sourceTree = "<group>"; };
		350C68051ECAC9300010B8A8 /* ARAAppInfosViewController.swift */ = {isa = PBXFileReference; fileEncoding = 4; lastKnownFileType = sourcecode.swift; path = ARAAppInfosViewController.swift; sourceTree = "<group>"; };
		350C68081ECAC93D0010B8A8 /* ARAMessageViewController.swift */ = {isa = PBXFileReference; fileEncoding = 4; lastKnownFileType = sourcecode.swift; path = ARAMessageViewController.swift; sourceTree = "<group>"; };
		350C680A1ECAC94C0010B8A8 /* ARAProfileViewController.swift */ = {isa = PBXFileReference; fileEncoding = 4; lastKnownFileType = sourcecode.swift; path = ARAProfileViewController.swift; sourceTree = "<group>"; };
		350C680C1ECAC9650010B8A8 /* ARALabel.swift */ = {isa = PBXFileReference; fileEncoding = 4; lastKnownFileType = sourcecode.swift; path = ARALabel.swift; sourceTree = "<group>"; };
		350C680E1ECAC9F50010B8A8 /* ARADiscoverViewController.swift */ = {isa = PBXFileReference; fileEncoding = 4; lastKnownFileType = sourcecode.swift; path = ARADiscoverViewController.swift; sourceTree = "<group>"; };
		350C68101ECACA960010B8A8 /* AppInfos.swift */ = {isa = PBXFileReference; fileEncoding = 4; lastKnownFileType = sourcecode.swift; path = AppInfos.swift; sourceTree = "<group>"; };
		3527BDA41EC9DAB300DE9191 /* magiGlobe.app */ = {isa = PBXFileReference; explicitFileType = wrapper.application; includeInIndex = 0; path = magiGlobe.app; sourceTree = BUILT_PRODUCTS_DIR; };
		3527BDA71EC9DAB300DE9191 /* AppDelegate.swift */ = {isa = PBXFileReference; lastKnownFileType = sourcecode.swift; path = AppDelegate.swift; sourceTree = "<group>"; };
		3527BDAF1EC9DAB300DE9191 /* magiGlobe.xcdatamodel */ = {isa = PBXFileReference; lastKnownFileType = wrapper.xcdatamodel; path = magiGlobe.xcdatamodel; sourceTree = "<group>"; };
		3527BDB11EC9DAB300DE9191 /* Assets.xcassets */ = {isa = PBXFileReference; lastKnownFileType = folder.assetcatalog; path = Assets.xcassets; sourceTree = "<group>"; };
		3527BDB41EC9DAB300DE9191 /* Base */ = {isa = PBXFileReference; lastKnownFileType = file.storyboard; name = Base; path = Base.lproj/LaunchScreen.storyboard; sourceTree = "<group>"; };
		3527BDB61EC9DAB300DE9191 /* Info.plist */ = {isa = PBXFileReference; lastKnownFileType = text.plist.xml; path = Info.plist; sourceTree = "<group>"; };
		3527BDBB1EC9DAB300DE9191 /* magiGlobeTests.xctest */ = {isa = PBXFileReference; explicitFileType = wrapper.cfbundle; includeInIndex = 0; path = magiGlobeTests.xctest; sourceTree = BUILT_PRODUCTS_DIR; };
		3527BDBF1EC9DAB300DE9191 /* magiGlobeTests.swift */ = {isa = PBXFileReference; lastKnownFileType = sourcecode.swift; path = magiGlobeTests.swift; sourceTree = "<group>"; };
		3527BDC11EC9DAB300DE9191 /* Info.plist */ = {isa = PBXFileReference; lastKnownFileType = text.plist.xml; path = Info.plist; sourceTree = "<group>"; };
		3527BDC61EC9DAB300DE9191 /* magiGlobeUITests.xctest */ = {isa = PBXFileReference; explicitFileType = wrapper.cfbundle; includeInIndex = 0; path = magiGlobeUITests.xctest; sourceTree = BUILT_PRODUCTS_DIR; };
		3527BDCA1EC9DAB300DE9191 /* magiGlobeUITests.swift */ = {isa = PBXFileReference; lastKnownFileType = sourcecode.swift; path = magiGlobeUITests.swift; sourceTree = "<group>"; };
		3527BDCC1EC9DAB300DE9191 /* Info.plist */ = {isa = PBXFileReference; lastKnownFileType = text.plist.xml; path = Info.plist; sourceTree = "<group>"; };
		35F78A551ECC358200B0DFD8 /* SMMImagePickerController.swift */ = {isa = PBXFileReference; fileEncoding = 4; lastKnownFileType = sourcecode.swift; path = SMMImagePickerController.swift; sourceTree = "<group>"; };
		35F78A571ECC358200B0DFD8 /* NSBundle+TZImagePicker.h */ = {isa = PBXFileReference; fileEncoding = 4; lastKnownFileType = sourcecode.c.h; path = "NSBundle+TZImagePicker.h"; sourceTree = "<group>"; };
		35F78A581ECC358200B0DFD8 /* NSBundle+TZImagePicker.m */ = {isa = PBXFileReference; fileEncoding = 4; lastKnownFileType = sourcecode.c.objc; path = "NSBundle+TZImagePicker.m"; sourceTree = "<group>"; };
		35F78A591ECC358200B0DFD8 /* TZAssetCell.h */ = {isa = PBXFileReference; fileEncoding = 4; lastKnownFileType = sourcecode.c.h; path = TZAssetCell.h; sourceTree = "<group>"; };
		35F78A5A1ECC358200B0DFD8 /* TZAssetCell.m */ = {isa = PBXFileReference; fileEncoding = 4; lastKnownFileType = sourcecode.c.objc; path = TZAssetCell.m; sourceTree = "<group>"; };
		35F78A5B1ECC358200B0DFD8 /* TZAssetModel.h */ = {isa = PBXFileReference; fileEncoding = 4; lastKnownFileType = sourcecode.c.h; path = TZAssetModel.h; sourceTree = "<group>"; };
		35F78A5C1ECC358200B0DFD8 /* TZAssetModel.m */ = {isa = PBXFileReference; fileEncoding = 4; lastKnownFileType = sourcecode.c.objc; path = TZAssetModel.m; sourceTree = "<group>"; };
		35F78A5D1ECC358200B0DFD8 /* TZGifPhotoPreviewController.h */ = {isa = PBXFileReference; fileEncoding = 4; lastKnownFileType = sourcecode.c.h; path = TZGifPhotoPreviewController.h; sourceTree = "<group>"; };
		35F78A5E1ECC358200B0DFD8 /* TZGifPhotoPreviewController.m */ = {isa = PBXFileReference; fileEncoding = 4; lastKnownFileType = sourcecode.c.objc; path = TZGifPhotoPreviewController.m; sourceTree = "<group>"; };
		35F78A5F1ECC358200B0DFD8 /* TZImageCropManager.h */ = {isa = PBXFileReference; fileEncoding = 4; lastKnownFileType = sourcecode.c.h; path = TZImageCropManager.h; sourceTree = "<group>"; };
		35F78A601ECC358200B0DFD8 /* TZImageCropManager.m */ = {isa = PBXFileReference; fileEncoding = 4; lastKnownFileType = sourcecode.c.objc; path = TZImageCropManager.m; sourceTree = "<group>"; };
		35F78A611ECC358200B0DFD8 /* TZImageManager.h */ = {isa = PBXFileReference; fileEncoding = 4; lastKnownFileType = sourcecode.c.h; path = TZImageManager.h; sourceTree = "<group>"; };
		35F78A621ECC358200B0DFD8 /* TZImageManager.m */ = {isa = PBXFileReference; fileEncoding = 4; lastKnownFileType = sourcecode.c.objc; path = TZImageManager.m; sourceTree = "<group>"; };
		35F78A631ECC358200B0DFD8 /* TZImagePickerController.bundle */ = {isa = PBXFileReference; lastKnownFileType = "wrapper.plug-in"; path = TZImagePickerController.bundle; sourceTree = "<group>"; };
		35F78A641ECC358200B0DFD8 /* TZImagePickerController.h */ = {isa = PBXFileReference; fileEncoding = 4; lastKnownFileType = sourcecode.c.h; path = TZImagePickerController.h; sourceTree = "<group>"; };
		35F78A651ECC358200B0DFD8 /* TZImagePickerController.m */ = {isa = PBXFileReference; fileEncoding = 4; lastKnownFileType = sourcecode.c.objc; path = TZImagePickerController.m; sourceTree = "<group>"; };
		35F78A661ECC358200B0DFD8 /* TZPhotoPickerController.h */ = {isa = PBXFileReference; fileEncoding = 4; lastKnownFileType = sourcecode.c.h; path = TZPhotoPickerController.h; sourceTree = "<group>"; };
		35F78A671ECC358200B0DFD8 /* TZPhotoPickerController.m */ = {isa = PBXFileReference; fileEncoding = 4; lastKnownFileType = sourcecode.c.objc; path = TZPhotoPickerController.m; sourceTree = "<group>"; };
		35F78A681ECC358200B0DFD8 /* TZPhotoPreviewCell.h */ = {isa = PBXFileReference; fileEncoding = 4; lastKnownFileType = sourcecode.c.h; path = TZPhotoPreviewCell.h; sourceTree = "<group>"; };
		35F78A691ECC358200B0DFD8 /* TZPhotoPreviewCell.m */ = {isa = PBXFileReference; fileEncoding = 4; lastKnownFileType = sourcecode.c.objc; path = TZPhotoPreviewCell.m; sourceTree = "<group>"; };
		35F78A6A1ECC358200B0DFD8 /* TZPhotoPreviewController.h */ = {isa = PBXFileReference; fileEncoding = 4; lastKnownFileType = sourcecode.c.h; path = TZPhotoPreviewController.h; sourceTree = "<group>"; };
		35F78A6B1ECC358200B0DFD8 /* TZPhotoPreviewController.m */ = {isa = PBXFileReference; fileEncoding = 4; lastKnownFileType = sourcecode.c.objc; path = TZPhotoPreviewController.m; sourceTree = "<group>"; };
		35F78A6C1ECC358200B0DFD8 /* TZProgressView.h */ = {isa = PBXFileReference; fileEncoding = 4; lastKnownFileType = sourcecode.c.h; path = TZProgressView.h; sourceTree = "<group>"; };
		35F78A6D1ECC358200B0DFD8 /* TZProgressView.m */ = {isa = PBXFileReference; fileEncoding = 4; lastKnownFileType = sourcecode.c.objc; path = TZProgressView.m; sourceTree = "<group>"; };
		35F78A6E1ECC358200B0DFD8 /* TZVideoPlayerController.h */ = {isa = PBXFileReference; fileEncoding = 4; lastKnownFileType = sourcecode.c.h; path = TZVideoPlayerController.h; sourceTree = "<group>"; };
		35F78A6F1ECC358200B0DFD8 /* TZVideoPlayerController.m */ = {isa = PBXFileReference; fileEncoding = 4; lastKnownFileType = sourcecode.c.objc; path = TZVideoPlayerController.m; sourceTree = "<group>"; };
		35F78A701ECC358200B0DFD8 /* UIView+Layout.h */ = {isa = PBXFileReference; fileEncoding = 4; lastKnownFileType = sourcecode.c.h; path = "UIView+Layout.h"; sourceTree = "<group>"; };
		35F78A711ECC358200B0DFD8 /* UIView+Layout.m */ = {isa = PBXFileReference; fileEncoding = 4; lastKnownFileType = sourcecode.c.objc; path = "UIView+Layout.m"; sourceTree = "<group>"; };
		35F78A891ECC364E00B0DFD8 /* magicGlobe-bridging-Header.h */ = {isa = PBXFileReference; lastKnownFileType = sourcecode.c.h; path = "magicGlobe-bridging-Header.h"; sourceTree = "<group>"; };
		6E7A50DA3776017ABEAE01F8 /* Pods_magiGlobeUITests.framework */ = {isa = PBXFileReference; explicitFileType = wrapper.framework; includeInIndex = 0; path = Pods_magiGlobeUITests.framework; sourceTree = BUILT_PRODUCTS_DIR; };
		72E5B8F7F67397A313CAA419 /* Pods_magiGlobeTests.framework */ = {isa = PBXFileReference; explicitFileType = wrapper.framework; includeInIndex = 0; path = Pods_magiGlobeTests.framework; sourceTree = BUILT_PRODUCTS_DIR; };
		8CC0A382F047D730F5D70C73 /* Pods-magiGlobeUITests.debug.xcconfig */ = {isa = PBXFileReference; includeInIndex = 1; lastKnownFileType = text.xcconfig; name = "Pods-magiGlobeUITests.debug.xcconfig"; path = "Pods/Target Support Files/Pods-magiGlobeUITests/Pods-magiGlobeUITests.debug.xcconfig"; sourceTree = "<group>"; };
		922873C321E6814DA62CFD3D /* Pods-magiGlobeUITests.release.xcconfig */ = {isa = PBXFileReference; includeInIndex = 1; lastKnownFileType = text.xcconfig; name = "Pods-magiGlobeUITests.release.xcconfig"; path = "Pods/Target Support Files/Pods-magiGlobeUITests/Pods-magiGlobeUITests.release.xcconfig"; sourceTree = "<group>"; };
		C786FE90E34E3E234F2A520A /* Pods-magiGlobeTests.release.xcconfig */ = {isa = PBXFileReference; includeInIndex = 1; lastKnownFileType = text.xcconfig; name = "Pods-magiGlobeTests.release.xcconfig"; path = "Pods/Target Support Files/Pods-magiGlobeTests/Pods-magiGlobeTests.release.xcconfig"; sourceTree = "<group>"; };
		CDFF218D324342EEFF42E726 /* Pods-magiGlobeTests.debug.xcconfig */ = {isa = PBXFileReference; includeInIndex = 1; lastKnownFileType = text.xcconfig; name = "Pods-magiGlobeTests.debug.xcconfig"; path = "Pods/Target Support Files/Pods-magiGlobeTests/Pods-magiGlobeTests.debug.xcconfig"; sourceTree = "<group>"; };
		F78A57906FA69F938DC22073 /* Pods-magiGlobe.debug.xcconfig */ = {isa = PBXFileReference; includeInIndex = 1; lastKnownFileType = text.xcconfig; name = "Pods-magiGlobe.debug.xcconfig"; path = "Pods/Target Support Files/Pods-magiGlobe/Pods-magiGlobe.debug.xcconfig"; sourceTree = "<group>"; };
		FA75E01C40EB73AEB5CA0785 /* Pods_magiGlobe.framework */ = {isa = PBXFileReference; explicitFileType = wrapper.framework; includeInIndex = 0; path = Pods_magiGlobe.framework; sourceTree = BUILT_PRODUCTS_DIR; };
		FE94550C64229E75951E7D98 /* Pods-magiGlobe.release.xcconfig */ = {isa = PBXFileReference; includeInIndex = 1; lastKnownFileType = text.xcconfig; name = "Pods-magiGlobe.release.xcconfig"; path = "Pods/Target Support Files/Pods-magiGlobe/Pods-magiGlobe.release.xcconfig"; sourceTree = "<group>"; };
/* End PBXFileReference section */

/* Begin PBXFrameworksBuildPhase section */
		3527BDA11EC9DAB300DE9191 /* Frameworks */ = {
			isa = PBXFrameworksBuildPhase;
			buildActionMask = 2147483647;
			files = (
				0794421E4A34D7CA903D2E09 /* Pods_magiGlobe.framework in Frameworks */,
			);
			runOnlyForDeploymentPostprocessing = 0;
		};
		3527BDB81EC9DAB300DE9191 /* Frameworks */ = {
			isa = PBXFrameworksBuildPhase;
			buildActionMask = 2147483647;
			files = (
				E457860AAE5CA26AD3B4F3F7 /* Pods_magiGlobeTests.framework in Frameworks */,
			);
			runOnlyForDeploymentPostprocessing = 0;
		};
		3527BDC31EC9DAB300DE9191 /* Frameworks */ = {
			isa = PBXFrameworksBuildPhase;
			buildActionMask = 2147483647;
			files = (
				F9FEE5599F3E8914A69BD628 /* Pods_magiGlobeUITests.framework in Frameworks */,
			);
			runOnlyForDeploymentPostprocessing = 0;
		};
/* End PBXFrameworksBuildPhase section */

/* Begin PBXGroup section */
		350C67481ECAAF4E0010B8A8 /* Classes */ = {
			isa = PBXGroup;
			children = (
				350C67491ECAAF4E0010B8A8 /* Model */,
				350C674C1ECAAF4E0010B8A8 /* View */,
				350C67621ECAAF4E0010B8A8 /* ViewModel */,
				350C674A1ECAAF4E0010B8A8 /* Other */,
				350C674B1ECAAF4E0010B8A8 /* Tool */,
			);
			path = Classes;
			sourceTree = "<group>";
		};
		350C67491ECAAF4E0010B8A8 /* Model */ = {
			isa = PBXGroup;
			children = (
			);
			path = Model;
			sourceTree = "<group>";
		};
		350C674A1ECAAF4E0010B8A8 /* Other */ = {
			isa = PBXGroup;
			children = (
				350C68101ECACA960010B8A8 /* AppInfos.swift */,
			);
			path = Other;
			sourceTree = "<group>";
		};
		350C674B1ECAAF4E0010B8A8 /* Tool */ = {
			isa = PBXGroup;
			children = (
				35F78A541ECC358200B0DFD8 /* photoPickerView */,
				35F78A561ECC358200B0DFD8 /* TZImagePickerController */,
				350C67631ECAAFB40010B8A8 /* Extension */,
			);
			path = Tool;
			sourceTree = "<group>";
		};
		350C674C1ECAAF4E0010B8A8 /* View */ = {
			isa = PBXGroup;
			children = (
				350C67591ECAAF4E0010B8A8 /* Main */,
				350C67561ECAAF4E0010B8A8 /* Home */,
				350C675C1ECAAF4E0010B8A8 /* Message */,
				350C674D1ECAAF4E0010B8A8 /* Animation */,
				350C67531ECAAF4E0010B8A8 /* Discover */,
				350C67FB1ECAB03A0010B8A8 /* profile */,
				350C67501ECAAF4E0010B8A8 /* Compose */,
			);
			path = View;
			sourceTree = "<group>";
		};
		350C674D1ECAAF4E0010B8A8 /* Animation */ = {
			isa = PBXGroup;
			children = (
				350C674E1ECAAF4E0010B8A8 /* View */,
				350C674F1ECAAF4E0010B8A8 /* ViewController */,
			);
			path = Animation;
			sourceTree = "<group>";
		};
		350C674E1ECAAF4E0010B8A8 /* View */ = {
			isa = PBXGroup;
			children = (
			);
			path = View;
			sourceTree = "<group>";
		};
		350C674F1ECAAF4E0010B8A8 /* ViewController */ = {
			isa = PBXGroup;
			children = (
			);
			path = ViewController;
			sourceTree = "<group>";
		};
		350C67501ECAAF4E0010B8A8 /* Compose */ = {
			isa = PBXGroup;
			children = (
				350C67511ECAAF4E0010B8A8 /* View */,
				350C67521ECAAF4E0010B8A8 /* ViewController */,
			);
			path = Compose;
			sourceTree = "<group>";
		};
		350C67511ECAAF4E0010B8A8 /* View */ = {
			isa = PBXGroup;
			children = (
			);
			path = View;
			sourceTree = "<group>";
		};
		350C67521ECAAF4E0010B8A8 /* ViewController */ = {
			isa = PBXGroup;
			children = (
			);
			path = ViewController;
			sourceTree = "<group>";
		};
		350C67531ECAAF4E0010B8A8 /* Discover */ = {
			isa = PBXGroup;
			children = (
				350C67541ECAAF4E0010B8A8 /* View */,
				350C67551ECAAF4E0010B8A8 /* ViewController */,
			);
			path = Discover;
			sourceTree = "<group>";
		};
		350C67541ECAAF4E0010B8A8 /* View */ = {
			isa = PBXGroup;
			children = (
			);
			path = View;
			sourceTree = "<group>";
		};
		350C67551ECAAF4E0010B8A8 /* ViewController */ = {
			isa = PBXGroup;
			children = (
				350C680E1ECAC9F50010B8A8 /* ARADiscoverViewController.swift */,
			);
			path = ViewController;
			sourceTree = "<group>";
		};
		350C67561ECAAF4E0010B8A8 /* Home */ = {
			isa = PBXGroup;
			children = (
				350C67571ECAAF4E0010B8A8 /* View */,
				350C67581ECAAF4E0010B8A8 /* ViewController */,
			);
			path = Home;
			sourceTree = "<group>";
		};
		350C67571ECAAF4E0010B8A8 /* View */ = {
			isa = PBXGroup;
			children = (
				350C680C1ECAC9650010B8A8 /* ARALabel.swift */,
			);
			path = View;
			sourceTree = "<group>";
		};
		350C67581ECAAF4E0010B8A8 /* ViewController */ = {
			isa = PBXGroup;
			children = (
				350C68041ECAC9300010B8A8 /* ARAHomeViewController.swift */,
				350C68051ECAC9300010B8A8 /* ARAAppInfosViewController.swift */,
			);
			path = ViewController;
			sourceTree = "<group>";
		};
		350C67591ECAAF4E0010B8A8 /* Main */ = {
			isa = PBXGroup;
			children = (
				350C675A1ECAAF4E0010B8A8 /* View */,
				350C675B1ECAAF4E0010B8A8 /* ViewController */,
			);
			path = Main;
			sourceTree = "<group>";
		};
		350C675A1ECAAF4E0010B8A8 /* View */ = {
			isa = PBXGroup;
			children = (
				350C67FE1ECAB05E0010B8A8 /* ARAMainTabBar.swift */,
			);
			path = View;
			sourceTree = "<group>";
		};
		350C675B1ECAAF4E0010B8A8 /* ViewController */ = {
			isa = PBXGroup;
			children = (
				350C68001ECAB0640010B8A8 /* ARATabBarController.swift */,
				350C68011ECAB0640010B8A8 /* ARABaseNavigationController.swift */,
			);
			path = ViewController;
			sourceTree = "<group>";
		};
		350C675C1ECAAF4E0010B8A8 /* Message */ = {
			isa = PBXGroup;
			children = (
				350C675D1ECAAF4E0010B8A8 /* View */,
				350C675E1ECAAF4E0010B8A8 /* ViewController */,
			);
			path = Message;
			sourceTree = "<group>";
		};
		350C675D1ECAAF4E0010B8A8 /* View */ = {
			isa = PBXGroup;
			children = (
			);
			path = View;
			sourceTree = "<group>";
		};
		350C675E1ECAAF4E0010B8A8 /* ViewController */ = {
			isa = PBXGroup;
			children = (
				350C68081ECAC93D0010B8A8 /* ARAMessageViewController.swift */,
			);
			path = ViewController;
			sourceTree = "<group>";
		};
		350C67621ECAAF4E0010B8A8 /* ViewModel */ = {
			isa = PBXGroup;
			children = (
			);
			path = ViewModel;
			sourceTree = "<group>";
		};
		350C67631ECAAFB40010B8A8 /* Extension */ = {
			isa = PBXGroup;
			children = (
				350C67641ECAAFB40010B8A8 /* AVFoundation */,
				350C676B1ECAAFB40010B8A8 /* CoreGraphics */,
				350C676E1ECAAFB40010B8A8 /* Foundation */,
				350C678A1ECAAFB40010B8A8 /* Swift */,
				350C678F1ECAAFB40010B8A8 /* UIKit */,
			);
			path = Extension;
			sourceTree = "<group>";
		};
		350C67641ECAAFB40010B8A8 /* AVFoundation */ = {
			isa = PBXGroup;
			children = (
				350C67651ECAAFB40010B8A8 /* AVAsset */,
				350C67671ECAAFB40010B8A8 /* AVPlayer */,
				350C67691ECAAFB40010B8A8 /* AVPlayerItem */,
			);
			path = AVFoundation;
			sourceTree = "<group>";
		};
		350C67651ECAAFB40010B8A8 /* AVAsset */ = {
			isa = PBXGroup;
			children = (
				350C67661ECAAFB40010B8A8 /* AVAsset+Man.swift */,
			);
			path = AVAsset;
			sourceTree = "<group>";
		};
		350C67671ECAAFB40010B8A8 /* AVPlayer */ = {
			isa = PBXGroup;
			children = (
				350C67681ECAAFB40010B8A8 /* AVPlayer+Man.swift */,
			);
			path = AVPlayer;
			sourceTree = "<group>";
		};
		350C67691ECAAFB40010B8A8 /* AVPlayerItem */ = {
			isa = PBXGroup;
			children = (
				350C676A1ECAAFB40010B8A8 /* AVPlayerItem+Man.swift */,
			);
			path = AVPlayerItem;
			sourceTree = "<group>";
		};
		350C676B1ECAAFB40010B8A8 /* CoreGraphics */ = {
			isa = PBXGroup;
			children = (
				350C676C1ECAAFB40010B8A8 /* CGRect */,
			);
			path = CoreGraphics;
			sourceTree = "<group>";
		};
		350C676C1ECAAFB40010B8A8 /* CGRect */ = {
			isa = PBXGroup;
			children = (
				350C676D1ECAAFB40010B8A8 /* CGRect+Man.swift */,
			);
			path = CGRect;
			sourceTree = "<group>";
		};
		350C676E1ECAAFB40010B8A8 /* Foundation */ = {
			isa = PBXGroup;
			children = (
				350C676F1ECAAFB40010B8A8 /* Bundle */,
				350C67721ECAAFB40010B8A8 /* Data */,
				350C67741ECAAFB40010B8A8 /* Date */,
				350C67771ECAAFB40010B8A8 /* NotificationCenter */,
				350C67791ECAAFB40010B8A8 /* NSNull */,
				350C677B1ECAAFB40010B8A8 /* NSObject */,
				350C677D1ECAAFB40010B8A8 /* String */,
				350C67821ECAAFB40010B8A8 /* Timer */,
				350C67851ECAAFB40010B8A8 /* URL */,
				350C67871ECAAFB40010B8A8 /* URLSession */,
			);
			path = Foundation;
			sourceTree = "<group>";
		};
		350C676F1ECAAFB40010B8A8 /* Bundle */ = {
			isa = PBXGroup;
			children = (
				350C67701ECAAFB40010B8A8 /* Bundle+AppIcon.swift */,
				350C67711ECAAFB40010B8A8 /* Bundle+Man.swift */,
			);
			path = Bundle;
			sourceTree = "<group>";
		};
		350C67721ECAAFB40010B8A8 /* Data */ = {
			isa = PBXGroup;
			children = (
				350C67731ECAAFB40010B8A8 /* Data+Man.swift */,
			);
			path = Data;
			sourceTree = "<group>";
		};
		350C67741ECAAFB40010B8A8 /* Date */ = {
			isa = PBXGroup;
			children = (
				350C67751ECAAFB40010B8A8 /* Date+Comparable.swift */,
				350C67761ECAAFB40010B8A8 /* Date+Format.swift */,
			);
			path = Date;
			sourceTree = "<group>";
		};
		350C67771ECAAFB40010B8A8 /* NotificationCenter */ = {
			isa = PBXGroup;
			children = (
				350C67781ECAAFB40010B8A8 /* NotificationCenter+Man.swift */,
			);
			path = NotificationCenter;
			sourceTree = "<group>";
		};
		350C67791ECAAFB40010B8A8 /* NSNull */ = {
			isa = PBXGroup;
			children = (
				350C677A1ECAAFB40010B8A8 /* NSNull+Man.swift */,
			);
			path = NSNull;
			sourceTree = "<group>";
		};
		350C677B1ECAAFB40010B8A8 /* NSObject */ = {
			isa = PBXGroup;
			children = (
				350C677C1ECAAFB40010B8A8 /* NSObject+Man.swift */,
			);
			path = NSObject;
			sourceTree = "<group>";
		};
		350C677D1ECAAFB40010B8A8 /* String */ = {
			isa = PBXGroup;
			children = (
				350C677E1ECAAFB40010B8A8 /* String+Format.swift */,
				350C677F1ECAAFB40010B8A8 /* String+JSON.swift */,
				350C67801ECAAFB40010B8A8 /* String+Man.swift */,
				350C67811ECAAFB40010B8A8 /* String+URL.swift */,
			);
			path = String;
			sourceTree = "<group>";
		};
		350C67821ECAAFB40010B8A8 /* Timer */ = {
			isa = PBXGroup;
			children = (
				350C67831ECAAFB40010B8A8 /* Timer+Addition.swift */,
				350C67841ECAAFB40010B8A8 /* Timer+Block.swift */,
			);
			path = Timer;
			sourceTree = "<group>";
		};
		350C67851ECAAFB40010B8A8 /* URL */ = {
			isa = PBXGroup;
			children = (
				350C67861ECAAFB40010B8A8 /* URL+Man.swift */,
			);
			path = URL;
			sourceTree = "<group>";
		};
		350C67871ECAAFB40010B8A8 /* URLSession */ = {
			isa = PBXGroup;
			children = (
				350C67881ECAAFB40010B8A8 /* URLSession+Man.swift */,
				350C67891ECAAFB40010B8A8 /* URLSession+SynchronousTask.swift */,
			);
			path = URLSession;
			sourceTree = "<group>";
		};
		350C678A1ECAAFB40010B8A8 /* Swift */ = {
			isa = PBXGroup;
			children = (
				350C678B1ECAAFB40010B8A8 /* Array+Man.swift */,
				350C678C1ECAAFB40010B8A8 /* Bool+Man.swift */,
				350C678D1ECAAFB40010B8A8 /* Dictionary+Man.swift */,
				350C678E1ECAAFB40010B8A8 /* Int+Man.swift */,
			);
			path = Swift;
			sourceTree = "<group>";
		};
		350C678F1ECAAFB40010B8A8 /* UIKit */ = {
			isa = PBXGroup;
			children = (
				350C67901ECAAFB40010B8A8 /* UIAlertController */,
				350C67921ECAAFB40010B8A8 /* UIApplication */,
				350C67941ECAAFB40010B8A8 /* UIBarButtonItem */,
				350C67961ECAAFB40010B8A8 /* UIButton */,
				350C67981ECAAFB40010B8A8 /* UICollectionView */,
				350C679A1ECAAFB40010B8A8 /* UIColor */,
				350C679C1ECAAFB40010B8A8 /* UIDevice */,
				350C679E1ECAAFB40010B8A8 /* UIImage */,
				350C67A01ECAAFB40010B8A8 /* UIImageView */,
				350C67A21ECAAFB40010B8A8 /* UILable */,
				350C67A41ECAAFB40010B8A8 /* UINavigationBar */,
				350C67A61ECAAFB40010B8A8 /* UINavigationController */,
				350C67A81ECAAFB40010B8A8 /* UIScreen */,
				350C67AA1ECAAFB40010B8A8 /* UIScrollView */,
				350C67AC1ECAAFB40010B8A8 /* UISearchBar */,
				350C67AE1ECAAFB40010B8A8 /* UISlider */,
				350C67B01ECAAFB40010B8A8 /* UITabBar */,
				350C67B21ECAAFB40010B8A8 /* UITableView */,
				350C67B41ECAAFB40010B8A8 /* UITableViewCell */,
				350C67B61ECAAFB40010B8A8 /* UITextField */,
				350C67B81ECAAFB40010B8A8 /* UITextView */,
				350C67BA1ECAAFB40010B8A8 /* UIView */,
				350C67BF1ECAAFB40010B8A8 /* UIViewController */,
				350C67C31ECAAFB40010B8A8 /* UIWindow */,
			);
			path = UIKit;
			sourceTree = "<group>";
		};
		350C67901ECAAFB40010B8A8 /* UIAlertController */ = {
			isa = PBXGroup;
			children = (
				350C67911ECAAFB40010B8A8 /* UIAlertController+Man.swift */,
			);
			path = UIAlertController;
			sourceTree = "<group>";
		};
		350C67921ECAAFB40010B8A8 /* UIApplication */ = {
			isa = PBXGroup;
			children = (
				350C67931ECAAFB40010B8A8 /* UIApplication+Man.swift */,
			);
			path = UIApplication;
			sourceTree = "<group>";
		};
		350C67941ECAAFB40010B8A8 /* UIBarButtonItem */ = {
			isa = PBXGroup;
			children = (
				350C67951ECAAFB40010B8A8 /* UIBarButtonItem+man.swift */,
			);
			path = UIBarButtonItem;
			sourceTree = "<group>";
		};
		350C67961ECAAFB40010B8A8 /* UIButton */ = {
			isa = PBXGroup;
			children = (
				350C67971ECAAFB40010B8A8 /* UIButton+Man.swift */,
			);
			path = UIButton;
			sourceTree = "<group>";
		};
		350C67981ECAAFB40010B8A8 /* UICollectionView */ = {
			isa = PBXGroup;
			children = (
				350C67991ECAAFB40010B8A8 /* UICollectionView+Man.swift */,
			);
			path = UICollectionView;
			sourceTree = "<group>";
		};
		350C679A1ECAAFB40010B8A8 /* UIColor */ = {
			isa = PBXGroup;
			children = (
				350C679B1ECAAFB40010B8A8 /* UIColor+Man.swift */,
			);
			path = UIColor;
			sourceTree = "<group>";
		};
		350C679C1ECAAFB40010B8A8 /* UIDevice */ = {
			isa = PBXGroup;
			children = (
				350C679D1ECAAFB40010B8A8 /* UIDevice+Man.swift */,
			);
			path = UIDevice;
			sourceTree = "<group>";
		};
		350C679E1ECAAFB40010B8A8 /* UIImage */ = {
			isa = PBXGroup;
			children = (
				350C679F1ECAAFB40010B8A8 /* UIImage+Man.swift */,
			);
			path = UIImage;
			sourceTree = "<group>";
		};
		350C67A01ECAAFB40010B8A8 /* UIImageView */ = {
			isa = PBXGroup;
			children = (
				350C67A11ECAAFB40010B8A8 /* UIImageView+Man.swift */,
			);
			path = UIImageView;
			sourceTree = "<group>";
		};
		350C67A21ECAAFB40010B8A8 /* UILable */ = {
			isa = PBXGroup;
			children = (
				350C67A31ECAAFB40010B8A8 /* UILable+Man.swift */,
			);
			path = UILable;
			sourceTree = "<group>";
		};
		350C67A41ECAAFB40010B8A8 /* UINavigationBar */ = {
			isa = PBXGroup;
			children = (
				350C67A51ECAAFB40010B8A8 /* UINavigationBar+Man.swift */,
			);
			path = UINavigationBar;
			sourceTree = "<group>";
		};
		350C67A61ECAAFB40010B8A8 /* UINavigationController */ = {
			isa = PBXGroup;
			children = (
				350C67A71ECAAFB40010B8A8 /* UINavigationController+Man.swift */,
			);
			path = UINavigationController;
			sourceTree = "<group>";
		};
		350C67A81ECAAFB40010B8A8 /* UIScreen */ = {
			isa = PBXGroup;
			children = (
				350C67A91ECAAFB40010B8A8 /* UIScreen+Man.swift */,
			);
			path = UIScreen;
			sourceTree = "<group>";
		};
		350C67AA1ECAAFB40010B8A8 /* UIScrollView */ = {
			isa = PBXGroup;
			children = (
				350C67AB1ECAAFB40010B8A8 /* UIScrollView+Man.swift */,
			);
			path = UIScrollView;
			sourceTree = "<group>";
		};
		350C67AC1ECAAFB40010B8A8 /* UISearchBar */ = {
			isa = PBXGroup;
			children = (
				350C67AD1ECAAFB40010B8A8 /* UISearchBar+Man.swift */,
			);
			path = UISearchBar;
			sourceTree = "<group>";
		};
		350C67AE1ECAAFB40010B8A8 /* UISlider */ = {
			isa = PBXGroup;
			children = (
				350C67AF1ECAAFB40010B8A8 /* UISlider+Man.swift */,
			);
			path = UISlider;
			sourceTree = "<group>";
		};
		350C67B01ECAAFB40010B8A8 /* UITabBar */ = {
			isa = PBXGroup;
			children = (
				350C67B11ECAAFB40010B8A8 /* UITabBar+Man.swift */,
			);
			path = UITabBar;
			sourceTree = "<group>";
		};
		350C67B21ECAAFB40010B8A8 /* UITableView */ = {
			isa = PBXGroup;
			children = (
				350C67B31ECAAFB40010B8A8 /* UITableView+Man.swift */,
			);
			path = UITableView;
			sourceTree = "<group>";
		};
		350C67B41ECAAFB40010B8A8 /* UITableViewCell */ = {
			isa = PBXGroup;
			children = (
				350C67B51ECAAFB40010B8A8 /* UITableViewCell+Man.swift */,
			);
			path = UITableViewCell;
			sourceTree = "<group>";
		};
		350C67B61ECAAFB40010B8A8 /* UITextField */ = {
			isa = PBXGroup;
			children = (
				350C67B71ECAAFB40010B8A8 /* UITextField+Man.swift */,
			);
			path = UITextField;
			sourceTree = "<group>";
		};
		350C67B81ECAAFB40010B8A8 /* UITextView */ = {
			isa = PBXGroup;
			children = (
				350C67B91ECAAFB40010B8A8 /* UITextView+Man.swift */,
			);
			path = UITextView;
			sourceTree = "<group>";
		};
		350C67BA1ECAAFB40010B8A8 /* UIView */ = {
			isa = PBXGroup;
			children = (
				350C67BB1ECAAFB40010B8A8 /* UIView+Animation.swift */,
				350C67BC1ECAAFB40010B8A8 /* UIView+Find.swift */,
				350C67BD1ECAAFB40010B8A8 /* UIView+Man.swift */,
				350C67BE1ECAAFB40010B8A8 /* UIView+Rect.swift */,
			);
			path = UIView;
			sourceTree = "<group>";
		};
		350C67BF1ECAAFB40010B8A8 /* UIViewController */ = {
			isa = PBXGroup;
			children = (
				350C67C01ECAAFB40010B8A8 /* UIViewController+Find.swift */,
				350C67C11ECAAFB40010B8A8 /* UIViewController+Man.swift */,
				350C67C21ECAAFB40010B8A8 /* UIViewController+NavigationBar.swift */,
			);
			path = UIViewController;
			sourceTree = "<group>";
		};
		350C67C31ECAAFB40010B8A8 /* UIWindow */ = {
			isa = PBXGroup;
			children = (
				350C67C41ECAAFB40010B8A8 /* UIWindow+Man.swift */,
			);
			path = UIWindow;
			sourceTree = "<group>";
		};
		350C67FB1ECAB03A0010B8A8 /* profile */ = {
			isa = PBXGroup;
			children = (
				350C67FC1ECAB03A0010B8A8 /* View */,
				350C67FD1ECAB03A0010B8A8 /* ViewController */,
			);
			path = profile;
			sourceTree = "<group>";
		};
		350C67FC1ECAB03A0010B8A8 /* View */ = {
			isa = PBXGroup;
			children = (
			);
			path = View;
			sourceTree = "<group>";
		};
		350C67FD1ECAB03A0010B8A8 /* ViewController */ = {
			isa = PBXGroup;
			children = (
				350C680A1ECAC94C0010B8A8 /* ARAProfileViewController.swift */,
			);
			path = ViewController;
			sourceTree = "<group>";
		};
		3527BD9B1EC9DAB300DE9191 = {
			isa = PBXGroup;
			children = (
				3527BDA61EC9DAB300DE9191 /* magiGlobe */,
				3527BDBE1EC9DAB300DE9191 /* magiGlobeTests */,
				3527BDC91EC9DAB300DE9191 /* magiGlobeUITests */,
				3527BDA51EC9DAB300DE9191 /* Products */,
				BCFF3DA392DB239C12A8321A /* Pods */,
				E8D3EF0D78106EE2863CFEC5 /* Frameworks */,
			);
			sourceTree = "<group>";
		};
		3527BDA51EC9DAB300DE9191 /* Products */ = {
			isa = PBXGroup;
			children = (
				3527BDA41EC9DAB300DE9191 /* magiGlobe.app */,
				3527BDBB1EC9DAB300DE9191 /* magiGlobeTests.xctest */,
				3527BDC61EC9DAB300DE9191 /* magiGlobeUITests.xctest */,
			);
			name = Products;
			sourceTree = "<group>";
		};
		3527BDA61EC9DAB300DE9191 /* magiGlobe */ = {
			isa = PBXGroup;
			children = (
				350C67481ECAAF4E0010B8A8 /* Classes */,
				3527BDA71EC9DAB300DE9191 /* AppDelegate.swift */,
				35F78A891ECC364E00B0DFD8 /* magicGlobe-bridging-Header.h */,
				3527BDB11EC9DAB300DE9191 /* Assets.xcassets */,
				3527BDB31EC9DAB300DE9191 /* LaunchScreen.storyboard */,
				3527BDB61EC9DAB300DE9191 /* Info.plist */,
				3527BDAE1EC9DAB300DE9191 /* magiGlobe.xcdatamodeld */,
			);
			path = magiGlobe;
			sourceTree = "<group>";
		};
		3527BDBE1EC9DAB300DE9191 /* magiGlobeTests */ = {
			isa = PBXGroup;
			children = (
				3527BDBF1EC9DAB300DE9191 /* magiGlobeTests.swift */,
				3527BDC11EC9DAB300DE9191 /* Info.plist */,
			);
			path = magiGlobeTests;
			sourceTree = "<group>";
		};
		3527BDC91EC9DAB300DE9191 /* magiGlobeUITests */ = {
			isa = PBXGroup;
			children = (
				3527BDCA1EC9DAB300DE9191 /* magiGlobeUITests.swift */,
				3527BDCC1EC9DAB300DE9191 /* Info.plist */,
			);
			path = magiGlobeUITests;
			sourceTree = "<group>";
		};
		35F78A541ECC358200B0DFD8 /* photoPickerView */ = {
			isa = PBXGroup;
			children = (
				35F78A551ECC358200B0DFD8 /* SMMImagePickerController.swift */,
			);
			path = photoPickerView;
			sourceTree = "<group>";
		};
		35F78A561ECC358200B0DFD8 /* TZImagePickerController */ = {
			isa = PBXGroup;
			children = (
				35F78A571ECC358200B0DFD8 /* NSBundle+TZImagePicker.h */,
				35F78A581ECC358200B0DFD8 /* NSBundle+TZImagePicker.m */,
				35F78A591ECC358200B0DFD8 /* TZAssetCell.h */,
				35F78A5A1ECC358200B0DFD8 /* TZAssetCell.m */,
				35F78A5B1ECC358200B0DFD8 /* TZAssetModel.h */,
				35F78A5C1ECC358200B0DFD8 /* TZAssetModel.m */,
				35F78A5D1ECC358200B0DFD8 /* TZGifPhotoPreviewController.h */,
				35F78A5E1ECC358200B0DFD8 /* TZGifPhotoPreviewController.m */,
				35F78A5F1ECC358200B0DFD8 /* TZImageCropManager.h */,
				35F78A601ECC358200B0DFD8 /* TZImageCropManager.m */,
				35F78A611ECC358200B0DFD8 /* TZImageManager.h */,
				35F78A621ECC358200B0DFD8 /* TZImageManager.m */,
				35F78A631ECC358200B0DFD8 /* TZImagePickerController.bundle */,
				35F78A641ECC358200B0DFD8 /* TZImagePickerController.h */,
				35F78A651ECC358200B0DFD8 /* TZImagePickerController.m */,
				35F78A661ECC358200B0DFD8 /* TZPhotoPickerController.h */,
				35F78A671ECC358200B0DFD8 /* TZPhotoPickerController.m */,
				35F78A681ECC358200B0DFD8 /* TZPhotoPreviewCell.h */,
				35F78A691ECC358200B0DFD8 /* TZPhotoPreviewCell.m */,
				35F78A6A1ECC358200B0DFD8 /* TZPhotoPreviewController.h */,
				35F78A6B1ECC358200B0DFD8 /* TZPhotoPreviewController.m */,
				35F78A6C1ECC358200B0DFD8 /* TZProgressView.h */,
				35F78A6D1ECC358200B0DFD8 /* TZProgressView.m */,
				35F78A6E1ECC358200B0DFD8 /* TZVideoPlayerController.h */,
				35F78A6F1ECC358200B0DFD8 /* TZVideoPlayerController.m */,
				35F78A701ECC358200B0DFD8 /* UIView+Layout.h */,
				35F78A711ECC358200B0DFD8 /* UIView+Layout.m */,
			);
			path = TZImagePickerController;
			sourceTree = "<group>";
		};
		BCFF3DA392DB239C12A8321A /* Pods */ = {
			isa = PBXGroup;
			children = (
				F78A57906FA69F938DC22073 /* Pods-magiGlobe.debug.xcconfig */,
				FE94550C64229E75951E7D98 /* Pods-magiGlobe.release.xcconfig */,
				CDFF218D324342EEFF42E726 /* Pods-magiGlobeTests.debug.xcconfig */,
				C786FE90E34E3E234F2A520A /* Pods-magiGlobeTests.release.xcconfig */,
				8CC0A382F047D730F5D70C73 /* Pods-magiGlobeUITests.debug.xcconfig */,
				922873C321E6814DA62CFD3D /* Pods-magiGlobeUITests.release.xcconfig */,
			);
			name = Pods;
			sourceTree = "<group>";
		};
		E8D3EF0D78106EE2863CFEC5 /* Frameworks */ = {
			isa = PBXGroup;
			children = (
				FA75E01C40EB73AEB5CA0785 /* Pods_magiGlobe.framework */,
				72E5B8F7F67397A313CAA419 /* Pods_magiGlobeTests.framework */,
				6E7A50DA3776017ABEAE01F8 /* Pods_magiGlobeUITests.framework */,
			);
			name = Frameworks;
			sourceTree = "<group>";
		};
/* End PBXGroup section */

/* Begin PBXNativeTarget section */
		3527BDA31EC9DAB300DE9191 /* magiGlobe */ = {
			isa = PBXNativeTarget;
			buildConfigurationList = 3527BDCF1EC9DAB300DE9191 /* Build configuration list for PBXNativeTarget "magiGlobe" */;
			buildPhases = (
				13468C8BD8BF9839EA2A1F95 /* [CP] Check Pods Manifest.lock */,
				3527BDA01EC9DAB300DE9191 /* Sources */,
				3527BDA11EC9DAB300DE9191 /* Frameworks */,
				3527BDA21EC9DAB300DE9191 /* Resources */,
				B1A051CCD96BD04D5977830C /* [CP] Embed Pods Frameworks */,
				B716A8535A16AA8ADD118C3E /* [CP] Copy Pods Resources */,
			);
			buildRules = (
			);
			dependencies = (
			);
			name = magiGlobe;
			productName = magiGlobe;
			productReference = 3527BDA41EC9DAB300DE9191 /* magiGlobe.app */;
			productType = "com.apple.product-type.application";
		};
		3527BDBA1EC9DAB300DE9191 /* magiGlobeTests */ = {
			isa = PBXNativeTarget;
			buildConfigurationList = 3527BDD21EC9DAB300DE9191 /* Build configuration list for PBXNativeTarget "magiGlobeTests" */;
			buildPhases = (
				529436D6E88F440CCF322C0D /* [CP] Check Pods Manifest.lock */,
				3527BDB71EC9DAB300DE9191 /* Sources */,
				3527BDB81EC9DAB300DE9191 /* Frameworks */,
				3527BDB91EC9DAB300DE9191 /* Resources */,
				F396D9F6DA3AFCB0990CA1E4 /* [CP] Embed Pods Frameworks */,
				F7B950A51EBC33A07012BDC5 /* [CP] Copy Pods Resources */,
			);
			buildRules = (
			);
			dependencies = (
				3527BDBD1EC9DAB300DE9191 /* PBXTargetDependency */,
			);
			name = magiGlobeTests;
			productName = magiGlobeTests;
			productReference = 3527BDBB1EC9DAB300DE9191 /* magiGlobeTests.xctest */;
			productType = "com.apple.product-type.bundle.unit-test";
		};
		3527BDC51EC9DAB300DE9191 /* magiGlobeUITests */ = {
			isa = PBXNativeTarget;
			buildConfigurationList = 3527BDD51EC9DAB300DE9191 /* Build configuration list for PBXNativeTarget "magiGlobeUITests" */;
			buildPhases = (
				99E3D6A195BBD58D200D8803 /* [CP] Check Pods Manifest.lock */,
				3527BDC21EC9DAB300DE9191 /* Sources */,
				3527BDC31EC9DAB300DE9191 /* Frameworks */,
				3527BDC41EC9DAB300DE9191 /* Resources */,
				170795A40080FC3FF7A31E95 /* [CP] Embed Pods Frameworks */,
				983E9B296EF0434B0B4B73EE /* [CP] Copy Pods Resources */,
			);
			buildRules = (
			);
			dependencies = (
				3527BDC81EC9DAB300DE9191 /* PBXTargetDependency */,
			);
			name = magiGlobeUITests;
			productName = magiGlobeUITests;
			productReference = 3527BDC61EC9DAB300DE9191 /* magiGlobeUITests.xctest */;
			productType = "com.apple.product-type.bundle.ui-testing";
		};
/* End PBXNativeTarget section */

/* Begin PBXProject section */
		3527BD9C1EC9DAB300DE9191 /* Project object */ = {
			isa = PBXProject;
			attributes = {
				LastSwiftUpdateCheck = 0830;
				LastUpgradeCheck = 0830;
				ORGANIZATIONNAME = "安然";
				TargetAttributes = {
					3527BDA31EC9DAB300DE9191 = {
						CreatedOnToolsVersion = 8.3.2;
						DevelopmentTeam = E8ZU3Y58CG;
						ProvisioningStyle = Automatic;
					};
					3527BDBA1EC9DAB300DE9191 = {
						CreatedOnToolsVersion = 8.3.2;
						DevelopmentTeam = E8ZU3Y58CG;
						ProvisioningStyle = Automatic;
						TestTargetID = 3527BDA31EC9DAB300DE9191;
					};
					3527BDC51EC9DAB300DE9191 = {
						CreatedOnToolsVersion = 8.3.2;
						DevelopmentTeam = E8ZU3Y58CG;
						ProvisioningStyle = Automatic;
						TestTargetID = 3527BDA31EC9DAB300DE9191;
					};
				};
			};
			buildConfigurationList = 3527BD9F1EC9DAB300DE9191 /* Build configuration list for PBXProject "magiGlobe" */;
			compatibilityVersion = "Xcode 3.2";
			developmentRegion = English;
			hasScannedForEncodings = 0;
			knownRegions = (
				en,
				Base,
			);
			mainGroup = 3527BD9B1EC9DAB300DE9191;
			productRefGroup = 3527BDA51EC9DAB300DE9191 /* Products */;
			projectDirPath = "";
			projectRoot = "";
			targets = (
				3527BDA31EC9DAB300DE9191 /* magiGlobe */,
				3527BDBA1EC9DAB300DE9191 /* magiGlobeTests */,
				3527BDC51EC9DAB300DE9191 /* magiGlobeUITests */,
			);
		};
/* End PBXProject section */

/* Begin PBXResourcesBuildPhase section */
		3527BDA21EC9DAB300DE9191 /* Resources */ = {
			isa = PBXResourcesBuildPhase;
			buildActionMask = 2147483647;
			files = (
				35F78A791ECC358200B0DFD8 /* TZImagePickerController.bundle in Resources */,
				3527BDB51EC9DAB300DE9191 /* LaunchScreen.storyboard in Resources */,
				3527BDB21EC9DAB300DE9191 /* Assets.xcassets in Resources */,
			);
			runOnlyForDeploymentPostprocessing = 0;
		};
		3527BDB91EC9DAB300DE9191 /* Resources */ = {
			isa = PBXResourcesBuildPhase;
			buildActionMask = 2147483647;
			files = (
			);
			runOnlyForDeploymentPostprocessing = 0;
		};
		3527BDC41EC9DAB300DE9191 /* Resources */ = {
			isa = PBXResourcesBuildPhase;
			buildActionMask = 2147483647;
			files = (
			);
			runOnlyForDeploymentPostprocessing = 0;
		};
/* End PBXResourcesBuildPhase section */

/* Begin PBXShellScriptBuildPhase section */
		13468C8BD8BF9839EA2A1F95 /* [CP] Check Pods Manifest.lock */ = {
			isa = PBXShellScriptBuildPhase;
			buildActionMask = 2147483647;
			files = (
			);
			inputPaths = (
			);
			name = "[CP] Check Pods Manifest.lock";
			outputPaths = (
			);
			runOnlyForDeploymentPostprocessing = 0;
			shellPath = /bin/sh;
			shellScript = "diff \"${PODS_ROOT}/../Podfile.lock\" \"${PODS_ROOT}/Manifest.lock\" > /dev/null\nif [ $? != 0 ] ; then\n    # print error to STDERR\n    echo \"error: The sandbox is not in sync with the Podfile.lock. Run 'pod install' or update your CocoaPods installation.\" >&2\n    exit 1\nfi\n";
			showEnvVarsInLog = 0;
		};
		170795A40080FC3FF7A31E95 /* [CP] Embed Pods Frameworks */ = {
			isa = PBXShellScriptBuildPhase;
			buildActionMask = 2147483647;
			files = (
			);
			inputPaths = (
			);
			name = "[CP] Embed Pods Frameworks";
			outputPaths = (
			);
			runOnlyForDeploymentPostprocessing = 0;
			shellPath = /bin/sh;
			shellScript = "\"${SRCROOT}/Pods/Target Support Files/Pods-magiGlobeUITests/Pods-magiGlobeUITests-frameworks.sh\"\n";
			showEnvVarsInLog = 0;
		};
		529436D6E88F440CCF322C0D /* [CP] Check Pods Manifest.lock */ = {
			isa = PBXShellScriptBuildPhase;
			buildActionMask = 2147483647;
			files = (
			);
			inputPaths = (
			);
			name = "[CP] Check Pods Manifest.lock";
			outputPaths = (
			);
			runOnlyForDeploymentPostprocessing = 0;
			shellPath = /bin/sh;
			shellScript = "diff \"${PODS_ROOT}/../Podfile.lock\" \"${PODS_ROOT}/Manifest.lock\" > /dev/null\nif [ $? != 0 ] ; then\n    # print error to STDERR\n    echo \"error: The sandbox is not in sync with the Podfile.lock. Run 'pod install' or update your CocoaPods installation.\" >&2\n    exit 1\nfi\n";
			showEnvVarsInLog = 0;
		};
		983E9B296EF0434B0B4B73EE /* [CP] Copy Pods Resources */ = {
			isa = PBXShellScriptBuildPhase;
			buildActionMask = 2147483647;
			files = (
			);
			inputPaths = (
			);
			name = "[CP] Copy Pods Resources";
			outputPaths = (
			);
			runOnlyForDeploymentPostprocessing = 0;
			shellPath = /bin/sh;
			shellScript = "\"${SRCROOT}/Pods/Target Support Files/Pods-magiGlobeUITests/Pods-magiGlobeUITests-resources.sh\"\n";
			showEnvVarsInLog = 0;
		};
		99E3D6A195BBD58D200D8803 /* [CP] Check Pods Manifest.lock */ = {
			isa = PBXShellScriptBuildPhase;
			buildActionMask = 2147483647;
			files = (
			);
			inputPaths = (
			);
			name = "[CP] Check Pods Manifest.lock";
			outputPaths = (
			);
			runOnlyForDeploymentPostprocessing = 0;
			shellPath = /bin/sh;
			shellScript = "diff \"${PODS_ROOT}/../Podfile.lock\" \"${PODS_ROOT}/Manifest.lock\" > /dev/null\nif [ $? != 0 ] ; then\n    # print error to STDERR\n    echo \"error: The sandbox is not in sync with the Podfile.lock. Run 'pod install' or update your CocoaPods installation.\" >&2\n    exit 1\nfi\n";
			showEnvVarsInLog = 0;
		};
		B1A051CCD96BD04D5977830C /* [CP] Embed Pods Frameworks */ = {
			isa = PBXShellScriptBuildPhase;
			buildActionMask = 2147483647;
			files = (
			);
			inputPaths = (
			);
			name = "[CP] Embed Pods Frameworks";
			outputPaths = (
			);
			runOnlyForDeploymentPostprocessing = 0;
			shellPath = /bin/sh;
			shellScript = "\"${SRCROOT}/Pods/Target Support Files/Pods-magiGlobe/Pods-magiGlobe-frameworks.sh\"\n";
			showEnvVarsInLog = 0;
		};
		B716A8535A16AA8ADD118C3E /* [CP] Copy Pods Resources */ = {
			isa = PBXShellScriptBuildPhase;
			buildActionMask = 2147483647;
			files = (
			);
			inputPaths = (
			);
			name = "[CP] Copy Pods Resources";
			outputPaths = (
			);
			runOnlyForDeploymentPostprocessing = 0;
			shellPath = /bin/sh;
			shellScript = "\"${SRCROOT}/Pods/Target Support Files/Pods-magiGlobe/Pods-magiGlobe-resources.sh\"\n";
			showEnvVarsInLog = 0;
		};
		F396D9F6DA3AFCB0990CA1E4 /* [CP] Embed Pods Frameworks */ = {
			isa = PBXShellScriptBuildPhase;
			buildActionMask = 2147483647;
			files = (
			);
			inputPaths = (
			);
			name = "[CP] Embed Pods Frameworks";
			outputPaths = (
			);
			runOnlyForDeploymentPostprocessing = 0;
			shellPath = /bin/sh;
			shellScript = "\"${SRCROOT}/Pods/Target Support Files/Pods-magiGlobeTests/Pods-magiGlobeTests-frameworks.sh\"\n";
			showEnvVarsInLog = 0;
		};
		F7B950A51EBC33A07012BDC5 /* [CP] Copy Pods Resources */ = {
			isa = PBXShellScriptBuildPhase;
			buildActionMask = 2147483647;
			files = (
			);
			inputPaths = (
			);
			name = "[CP] Copy Pods Resources";
			outputPaths = (
			);
			runOnlyForDeploymentPostprocessing = 0;
			shellPath = /bin/sh;
			shellScript = "\"${SRCROOT}/Pods/Target Support Files/Pods-magiGlobeTests/Pods-magiGlobeTests-resources.sh\"\n";
			showEnvVarsInLog = 0;
		};
/* End PBXShellScriptBuildPhase section */

/* Begin PBXSourcesBuildPhase section */
		3527BDA01EC9DAB300DE9191 /* Sources */ = {
			isa = PBXSourcesBuildPhase;
			buildActionMask = 2147483647;
			files = (
				350C67C81ECAAFB40010B8A8 /* CGRect+Man.swift in Sources */,
				350C67E21ECAAFB40010B8A8 /* UICollectionView+Man.swift in Sources */,
				350C68061ECAC9300010B8A8 /* ARAHomeViewController.swift in Sources */,
				350C67FA1ECAAFB40010B8A8 /* UIWindow+Man.swift in Sources */,
				350C67EC1ECAAFB40010B8A8 /* UISearchBar+Man.swift in Sources */,
				35F78A7F1ECC358200B0DFD8 /* TZVideoPlayerController.m in Sources */,
				350C67E41ECAAFB40010B8A8 /* UIDevice+Man.swift in Sources */,
				350C67F91ECAAFB40010B8A8 /* UIViewController+NavigationBar.swift in Sources */,
				35F78A721ECC358200B0DFD8 /* SMMImagePickerController.swift in Sources */,
				350C67E51ECAAFB40010B8A8 /* UIImage+Man.swift in Sources */,
				350C67CB1ECAAFB40010B8A8 /* Data+Man.swift in Sources */,
				350C67F61ECAAFB40010B8A8 /* UIView+Rect.swift in Sources */,
				350C67E91ECAAFB40010B8A8 /* UINavigationController+Man.swift in Sources */,
				350C68031ECAB0640010B8A8 /* ARABaseNavigationController.swift in Sources */,
				350C680F1ECAC9F50010B8A8 /* ARADiscoverViewController.swift in Sources */,
				350C67F41ECAAFB40010B8A8 /* UIView+Find.swift in Sources */,
				35F78A771ECC358200B0DFD8 /* TZImageCropManager.m in Sources */,
				350C67CE1ECAAFB40010B8A8 /* NotificationCenter+Man.swift in Sources */,
				350C67D61ECAAFB40010B8A8 /* Timer+Block.swift in Sources */,
				35F78A741ECC358200B0DFD8 /* TZAssetCell.m in Sources */,
				350C68091ECAC93D0010B8A8 /* ARAMessageViewController.swift in Sources */,
				350C67C71ECAAFB40010B8A8 /* AVPlayerItem+Man.swift in Sources */,
				350C68021ECAB0640010B8A8 /* ARATabBarController.swift in Sources */,
				35F78A7D1ECC358200B0DFD8 /* TZPhotoPreviewController.m in Sources */,
				350C68071ECAC9300010B8A8 /* ARAAppInfosViewController.swift in Sources */,
				350C67C61ECAAFB40010B8A8 /* AVPlayer+Man.swift in Sources */,
				350C67F71ECAAFB40010B8A8 /* UIViewController+Find.swift in Sources */,
				350C680B1ECAC94C0010B8A8 /* ARAProfileViewController.swift in Sources */,
				35F78A801ECC358200B0DFD8 /* UIView+Layout.m in Sources */,
				35F78A731ECC358200B0DFD8 /* NSBundle+TZImagePicker.m in Sources */,
				350C67E11ECAAFB40010B8A8 /* UIButton+Man.swift in Sources */,
				350C67C91ECAAFB40010B8A8 /* Bundle+AppIcon.swift in Sources */,
				350C67E61ECAAFB40010B8A8 /* UIImageView+Man.swift in Sources */,
				350C67F11ECAAFB40010B8A8 /* UITextField+Man.swift in Sources */,
				350C67EE1ECAAFB40010B8A8 /* UITabBar+Man.swift in Sources */,
				35F78A761ECC358200B0DFD8 /* TZGifPhotoPreviewController.m in Sources */,
				350C67CA1ECAAFB40010B8A8 /* Bundle+Man.swift in Sources */,
				350C67DF1ECAAFB40010B8A8 /* UIApplication+Man.swift in Sources */,
				350C680D1ECAC9650010B8A8 /* ARALabel.swift in Sources */,
				350C67EB1ECAAFB40010B8A8 /* UIScrollView+Man.swift in Sources */,
				350C67DA1ECAAFB40010B8A8 /* Array+Man.swift in Sources */,
				350C67F21ECAAFB40010B8A8 /* UITextView+Man.swift in Sources */,
				350C67D71ECAAFB40010B8A8 /* URL+Man.swift in Sources */,
				350C67CD1ECAAFB40010B8A8 /* Date+Format.swift in Sources */,
				350C67EA1ECAAFB40010B8A8 /* UIScreen+Man.swift in Sources */,
				350C68111ECACA960010B8A8 /* AppInfos.swift in Sources */,
				350C67F81ECAAFB40010B8A8 /* UIViewController+Man.swift in Sources */,
				350C67D91ECAAFB40010B8A8 /* URLSession+SynchronousTask.swift in Sources */,
				350C67D41ECAAFB40010B8A8 /* String+URL.swift in Sources */,
				35F78A7E1ECC358200B0DFD8 /* TZProgressView.m in Sources */,
				350C67F01ECAAFB40010B8A8 /* UITableViewCell+Man.swift in Sources */,
				350C67D51ECAAFB40010B8A8 /* Timer+Addition.swift in Sources */,
				350C67DD1ECAAFB40010B8A8 /* Int+Man.swift in Sources */,
				350C67D21ECAAFB40010B8A8 /* String+JSON.swift in Sources */,
				350C67E01ECAAFB40010B8A8 /* UIBarButtonItem+man.swift in Sources */,
				350C67D81ECAAFB40010B8A8 /* URLSession+Man.swift in Sources */,
				350C67C51ECAAFB40010B8A8 /* AVAsset+Man.swift in Sources */,
				350C67D11ECAAFB40010B8A8 /* String+Format.swift in Sources */,
				35F78A751ECC358200B0DFD8 /* TZAssetModel.m in Sources */,
				350C67DB1ECAAFB40010B8A8 /* Bool+Man.swift in Sources */,
				350C67FF1ECAB05E0010B8A8 /* ARAMainTabBar.swift in Sources */,
				35F78A7C1ECC358200B0DFD8 /* TZPhotoPreviewCell.m in Sources */,
				350C67CF1ECAAFB40010B8A8 /* NSNull+Man.swift in Sources */,
				350C67CC1ECAAFB40010B8A8 /* Date+Comparable.swift in Sources */,
				3527BDB01EC9DAB300DE9191 /* magiGlobe.xcdatamodeld in Sources */,
				35F78A7B1ECC358200B0DFD8 /* TZPhotoPickerController.m in Sources */,
				350C67E81ECAAFB40010B8A8 /* UINavigationBar+Man.swift in Sources */,
				35F78A7A1ECC358200B0DFD8 /* TZImagePickerController.m in Sources */,
				350C67ED1ECAAFB40010B8A8 /* UISlider+Man.swift in Sources */,
				350C67DE1ECAAFB40010B8A8 /* UIAlertController+Man.swift in Sources */,
				350C67EF1ECAAFB40010B8A8 /* UITableView+Man.swift in Sources */,
				35F78A781ECC358200B0DFD8 /* TZImageManager.m in Sources */,
				350C67D31ECAAFB40010B8A8 /* String+Man.swift in Sources */,
				350C67F51ECAAFB40010B8A8 /* UIView+Man.swift in Sources */,
				350C67E71ECAAFB40010B8A8 /* UILable+Man.swift in Sources */,
				350C67E31ECAAFB40010B8A8 /* UIColor+Man.swift in Sources */,
				350C67D01ECAAFB40010B8A8 /* NSObject+Man.swift in Sources */,
				350C67DC1ECAAFB40010B8A8 /* Dictionary+Man.swift in Sources */,
				350C67F31ECAAFB40010B8A8 /* UIView+Animation.swift in Sources */,
				3527BDA81EC9DAB300DE9191 /* AppDelegate.swift in Sources */,
			);
			runOnlyForDeploymentPostprocessing = 0;
		};
		3527BDB71EC9DAB300DE9191 /* Sources */ = {
			isa = PBXSourcesBuildPhase;
			buildActionMask = 2147483647;
			files = (
				3527BDC01EC9DAB300DE9191 /* magiGlobeTests.swift in Sources */,
			);
			runOnlyForDeploymentPostprocessing = 0;
		};
		3527BDC21EC9DAB300DE9191 /* Sources */ = {
			isa = PBXSourcesBuildPhase;
			buildActionMask = 2147483647;
			files = (
				3527BDCB1EC9DAB300DE9191 /* magiGlobeUITests.swift in Sources */,
			);
			runOnlyForDeploymentPostprocessing = 0;
		};
/* End PBXSourcesBuildPhase section */

/* Begin PBXTargetDependency section */
		3527BDBD1EC9DAB300DE9191 /* PBXTargetDependency */ = {
			isa = PBXTargetDependency;
			target = 3527BDA31EC9DAB300DE9191 /* magiGlobe */;
			targetProxy = 3527BDBC1EC9DAB300DE9191 /* PBXContainerItemProxy */;
		};
		3527BDC81EC9DAB300DE9191 /* PBXTargetDependency */ = {
			isa = PBXTargetDependency;
			target = 3527BDA31EC9DAB300DE9191 /* magiGlobe */;
			targetProxy = 3527BDC71EC9DAB300DE9191 /* PBXContainerItemProxy */;
		};
/* End PBXTargetDependency section */

/* Begin PBXVariantGroup section */
		3527BDB31EC9DAB300DE9191 /* LaunchScreen.storyboard */ = {
			isa = PBXVariantGroup;
			children = (
				3527BDB41EC9DAB300DE9191 /* Base */,
			);
			name = LaunchScreen.storyboard;
			sourceTree = "<group>";
		};
/* End PBXVariantGroup section */

/* Begin XCBuildConfiguration section */
		3527BDCD1EC9DAB300DE9191 /* Debug */ = {
			isa = XCBuildConfiguration;
			buildSettings = {
				ALWAYS_SEARCH_USER_PATHS = NO;
				CLANG_ANALYZER_NONNULL = YES;
				CLANG_ANALYZER_NUMBER_OBJECT_CONVERSION = YES_AGGRESSIVE;
				CLANG_CXX_LANGUAGE_STANDARD = "gnu++0x";
				CLANG_CXX_LIBRARY = "libc++";
				CLANG_ENABLE_MODULES = YES;
				CLANG_ENABLE_OBJC_ARC = YES;
				CLANG_WARN_BOOL_CONVERSION = YES;
				CLANG_WARN_CONSTANT_CONVERSION = YES;
				CLANG_WARN_DIRECT_OBJC_ISA_USAGE = YES_ERROR;
				CLANG_WARN_DOCUMENTATION_COMMENTS = YES;
				CLANG_WARN_EMPTY_BODY = YES;
				CLANG_WARN_ENUM_CONVERSION = YES;
				CLANG_WARN_INFINITE_RECURSION = YES;
				CLANG_WARN_INT_CONVERSION = YES;
				CLANG_WARN_OBJC_ROOT_CLASS = YES_ERROR;
				CLANG_WARN_SUSPICIOUS_MOVE = YES;
				CLANG_WARN_UNREACHABLE_CODE = YES;
				CLANG_WARN__DUPLICATE_METHOD_MATCH = YES;
				"CODE_SIGN_IDENTITY[sdk=iphoneos*]" = "iPhone Developer";
				COPY_PHASE_STRIP = NO;
				DEBUG_INFORMATION_FORMAT = dwarf;
				ENABLE_STRICT_OBJC_MSGSEND = YES;
				ENABLE_TESTABILITY = YES;
				GCC_C_LANGUAGE_STANDARD = gnu99;
				GCC_DYNAMIC_NO_PIC = NO;
				GCC_NO_COMMON_BLOCKS = YES;
				GCC_OPTIMIZATION_LEVEL = 0;
				GCC_PREPROCESSOR_DEFINITIONS = (
					"DEBUG=1",
					"$(inherited)",
				);
				GCC_WARN_64_TO_32_BIT_CONVERSION = YES;
				GCC_WARN_ABOUT_RETURN_TYPE = YES_ERROR;
				GCC_WARN_UNDECLARED_SELECTOR = YES;
				GCC_WARN_UNINITIALIZED_AUTOS = YES_AGGRESSIVE;
				GCC_WARN_UNUSED_FUNCTION = YES;
				GCC_WARN_UNUSED_VARIABLE = YES;
				IPHONEOS_DEPLOYMENT_TARGET = 10.3;
				MTL_ENABLE_DEBUG_INFO = YES;
				ONLY_ACTIVE_ARCH = YES;
				SDKROOT = iphoneos;
				SWIFT_ACTIVE_COMPILATION_CONDITIONS = DEBUG;
				SWIFT_OBJC_BRIDGING_HEADER = "/Users/anran/Desktop/AnRanLocationLibrary/magiGlobe/magi/magiGlobe/magiGlobe/magicGlobe-bridging-Header.h";
				SWIFT_OPTIMIZATION_LEVEL = "-Onone";
				TARGETED_DEVICE_FAMILY = "1,2";
			};
			name = Debug;
		};
		3527BDCE1EC9DAB300DE9191 /* Release */ = {
			isa = XCBuildConfiguration;
			buildSettings = {
				ALWAYS_SEARCH_USER_PATHS = NO;
				CLANG_ANALYZER_NONNULL = YES;
				CLANG_ANALYZER_NUMBER_OBJECT_CONVERSION = YES_AGGRESSIVE;
				CLANG_CXX_LANGUAGE_STANDARD = "gnu++0x";
				CLANG_CXX_LIBRARY = "libc++";
				CLANG_ENABLE_MODULES = YES;
				CLANG_ENABLE_OBJC_ARC = YES;
				CLANG_WARN_BOOL_CONVERSION = YES;
				CLANG_WARN_CONSTANT_CONVERSION = YES;
				CLANG_WARN_DIRECT_OBJC_ISA_USAGE = YES_ERROR;
				CLANG_WARN_DOCUMENTATION_COMMENTS = YES;
				CLANG_WARN_EMPTY_BODY = YES;
				CLANG_WARN_ENUM_CONVERSION = YES;
				CLANG_WARN_INFINITE_RECURSION = YES;
				CLANG_WARN_INT_CONVERSION = YES;
				CLANG_WARN_OBJC_ROOT_CLASS = YES_ERROR;
				CLANG_WARN_SUSPICIOUS_MOVE = YES;
				CLANG_WARN_UNREACHABLE_CODE = YES;
				CLANG_WARN__DUPLICATE_METHOD_MATCH = YES;
				"CODE_SIGN_IDENTITY[sdk=iphoneos*]" = "iPhone Developer";
				COPY_PHASE_STRIP = NO;
				DEBUG_INFORMATION_FORMAT = "dwarf-with-dsym";
				ENABLE_NS_ASSERTIONS = NO;
				ENABLE_STRICT_OBJC_MSGSEND = YES;
				GCC_C_LANGUAGE_STANDARD = gnu99;
				GCC_NO_COMMON_BLOCKS = YES;
				GCC_WARN_64_TO_32_BIT_CONVERSION = YES;
				GCC_WARN_ABOUT_RETURN_TYPE = YES_ERROR;
				GCC_WARN_UNDECLARED_SELECTOR = YES;
				GCC_WARN_UNINITIALIZED_AUTOS = YES_AGGRESSIVE;
				GCC_WARN_UNUSED_FUNCTION = YES;
				GCC_WARN_UNUSED_VARIABLE = YES;
				IPHONEOS_DEPLOYMENT_TARGET = 10.3;
				MTL_ENABLE_DEBUG_INFO = NO;
				SDKROOT = iphoneos;
				SWIFT_OBJC_BRIDGING_HEADER = "/Users/anran/Desktop/AnRanLocationLibrary/magiGlobe/magi/magiGlobe/magiGlobe/magicGlobe-bridging-Header.h";
				SWIFT_OPTIMIZATION_LEVEL = "-Owholemodule";
				TARGETED_DEVICE_FAMILY = "1,2";
				VALIDATE_PRODUCT = YES;
			};
			name = Release;
		};
		3527BDD01EC9DAB300DE9191 /* Debug */ = {
			isa = XCBuildConfiguration;
			baseConfigurationReference = F78A57906FA69F938DC22073 /* Pods-magiGlobe.debug.xcconfig */;
			buildSettings = {
				ALWAYS_EMBED_SWIFT_STANDARD_LIBRARIES = YES;
				ASSETCATALOG_COMPILER_APPICON_NAME = AppIcon;
				DEVELOPMENT_TEAM = E8ZU3Y58CG;
				INFOPLIST_FILE = magiGlobe/Info.plist;
				LD_RUNPATH_SEARCH_PATHS = "$(inherited) @executable_path/Frameworks";
				PRODUCT_BUNDLE_IDENTIFIER = cn.smm.anRan.magiGlobe;
				PRODUCT_NAME = "$(TARGET_NAME)";
				SWIFT_VERSION = 3.0;
			};
			name = Debug;
		};
		3527BDD11EC9DAB300DE9191 /* Release */ = {
			isa = XCBuildConfiguration;
			baseConfigurationReference = FE94550C64229E75951E7D98 /* Pods-magiGlobe.release.xcconfig */;
			buildSettings = {
				ALWAYS_EMBED_SWIFT_STANDARD_LIBRARIES = YES;
				ASSETCATALOG_COMPILER_APPICON_NAME = AppIcon;
				DEVELOPMENT_TEAM = E8ZU3Y58CG;
				INFOPLIST_FILE = magiGlobe/Info.plist;
				LD_RUNPATH_SEARCH_PATHS = "$(inherited) @executable_path/Frameworks";
				PRODUCT_BUNDLE_IDENTIFIER = cn.smm.anRan.magiGlobe;
				PRODUCT_NAME = "$(TARGET_NAME)";
				SWIFT_VERSION = 3.0;
			};
			name = Release;
		};
		3527BDD31EC9DAB300DE9191 /* Debug */ = {
			isa = XCBuildConfiguration;
			baseConfigurationReference = CDFF218D324342EEFF42E726 /* Pods-magiGlobeTests.debug.xcconfig */;
			buildSettings = {
				ALWAYS_EMBED_SWIFT_STANDARD_LIBRARIES = YES;
				BUNDLE_LOADER = "$(TEST_HOST)";
				DEVELOPMENT_TEAM = E8ZU3Y58CG;
				INFOPLIST_FILE = magiGlobeTests/Info.plist;
				LD_RUNPATH_SEARCH_PATHS = "$(inherited) @executable_path/Frameworks @loader_path/Frameworks";
				PRODUCT_BUNDLE_IDENTIFIER = cn.smm.anRan.magiGlobeTests;
				PRODUCT_NAME = "$(TARGET_NAME)";
				SWIFT_VERSION = 3.0;
				TEST_HOST = "$(BUILT_PRODUCTS_DIR)/magiGlobe.app/magiGlobe";
			};
			name = Debug;
		};
		3527BDD41EC9DAB300DE9191 /* Release */ = {
			isa = XCBuildConfiguration;
			baseConfigurationReference = C786FE90E34E3E234F2A520A /* Pods-magiGlobeTests.release.xcconfig */;
			buildSettings = {
				ALWAYS_EMBED_SWIFT_STANDARD_LIBRARIES = YES;
				BUNDLE_LOADER = "$(TEST_HOST)";
				DEVELOPMENT_TEAM = E8ZU3Y58CG;
				INFOPLIST_FILE = magiGlobeTests/Info.plist;
				LD_RUNPATH_SEARCH_PATHS = "$(inherited) @executable_path/Frameworks @loader_path/Frameworks";
				PRODUCT_BUNDLE_IDENTIFIER = cn.smm.anRan.magiGlobeTests;
				PRODUCT_NAME = "$(TARGET_NAME)";
				SWIFT_VERSION = 3.0;
				TEST_HOST = "$(BUILT_PRODUCTS_DIR)/magiGlobe.app/magiGlobe";
			};
			name = Release;
		};
		3527BDD61EC9DAB300DE9191 /* Debug */ = {
			isa = XCBuildConfiguration;
			baseConfigurationReference = 8CC0A382F047D730F5D70C73 /* Pods-magiGlobeUITests.debug.xcconfig */;
			buildSettings = {
				ALWAYS_EMBED_SWIFT_STANDARD_LIBRARIES = YES;
				DEVELOPMENT_TEAM = E8ZU3Y58CG;
				INFOPLIST_FILE = magiGlobeUITests/Info.plist;
				LD_RUNPATH_SEARCH_PATHS = "$(inherited) @executable_path/Frameworks @loader_path/Frameworks";
				PRODUCT_BUNDLE_IDENTIFIER = cn.smm.anRan.magiGlobeUITests;
				PRODUCT_NAME = "$(TARGET_NAME)";
				SWIFT_VERSION = 3.0;
				TEST_TARGET_NAME = magiGlobe;
			};
			name = Debug;
		};
		3527BDD71EC9DAB300DE9191 /* Release */ = {
			isa = XCBuildConfiguration;
			baseConfigurationReference = 922873C321E6814DA62CFD3D /* Pods-magiGlobeUITests.release.xcconfig */;
			buildSettings = {
				ALWAYS_EMBED_SWIFT_STANDARD_LIBRARIES = YES;
				DEVELOPMENT_TEAM = E8ZU3Y58CG;
				INFOPLIST_FILE = magiGlobeUITests/Info.plist;
				LD_RUNPATH_SEARCH_PATHS = "$(inherited) @executable_path/Frameworks @loader_path/Frameworks";
				PRODUCT_BUNDLE_IDENTIFIER = cn.smm.anRan.magiGlobeUITests;
				PRODUCT_NAME = "$(TARGET_NAME)";
				SWIFT_VERSION = 3.0;
				TEST_TARGET_NAME = magiGlobe;
			};
			name = Release;
		};
/* End XCBuildConfiguration section */

/* Begin XCConfigurationList section */
		3527BD9F1EC9DAB300DE9191 /* Build configuration list for PBXProject "magiGlobe" */ = {
			isa = XCConfigurationList;
			buildConfigurations = (
				3527BDCD1EC9DAB300DE9191 /* Debug */,
				3527BDCE1EC9DAB300DE9191 /* Release */,
			);
			defaultConfigurationIsVisible = 0;
			defaultConfigurationName = Release;
		};
		3527BDCF1EC9DAB300DE9191 /* Build configuration list for PBXNativeTarget "magiGlobe" */ = {
			isa = XCConfigurationList;
			buildConfigurations = (
				3527BDD01EC9DAB300DE9191 /* Debug */,
				3527BDD11EC9DAB300DE9191 /* Release */,
			);
			defaultConfigurationIsVisible = 0;
			defaultConfigurationName = Release;
		};
		3527BDD21EC9DAB300DE9191 /* Build configuration list for PBXNativeTarget "magiGlobeTests" */ = {
			isa = XCConfigurationList;
			buildConfigurations = (
				3527BDD31EC9DAB300DE9191 /* Debug */,
				3527BDD41EC9DAB300DE9191 /* Release */,
			);
			defaultConfigurationIsVisible = 0;
			defaultConfigurationName = Release;
		};
		3527BDD51EC9DAB300DE9191 /* Build configuration list for PBXNativeTarget "magiGlobeUITests" */ = {
			isa = XCConfigurationList;
			buildConfigurations = (
				3527BDD61EC9DAB300DE9191 /* Debug */,
				3527BDD71EC9DAB300DE9191 /* Release */,
			);
			defaultConfigurationIsVisible = 0;
			defaultConfigurationName = Release;
		};
/* End XCConfigurationList section */

/* Begin XCVersionGroup section */
		3527BDAE1EC9DAB300DE9191 /* magiGlobe.xcdatamodeld */ = {
			isa = XCVersionGroup;
			children = (
				3527BDAF1EC9DAB300DE9191 /* magiGlobe.xcdatamodel */,
			);
			currentVersion = 3527BDAF1EC9DAB300DE9191 /* magiGlobe.xcdatamodel */;
			path = magiGlobe.xcdatamodeld;
			sourceTree = "<group>";
			versionGroupType = wrapper.xcdatamodel;
		};
/* End XCVersionGroup section */
	};
	rootObject = 3527BD9C1EC9DAB300DE9191 /* Project object */;
}
